// !$*UTF8*$!
{
	archiveVersion = 1;
	classes = {
	};
	objectVersion = 56;
	objects = {

/* Begin PBXBuildFile section */
		EB78C6C0295185B10027DD1E /* map_pinup_custom@3x.png in Resources */ = {isa = PBXBuildFile; fileRef = EB78C69B295185B10027DD1E /* map_pinup_custom@3x.png */; };
		EB78C6C1295185B10027DD1E /* map_pin_custom.png in Resources */ = {isa = PBXBuildFile; fileRef = EB78C69C295185B10027DD1E /* map_pin_custom.png */; };
		EB78C6C2295185B10027DD1E /* shadow_balloon.png in Resources */ = {isa = PBXBuildFile; fileRef = EB78C69D295185B10027DD1E /* shadow_balloon.png */; };
		EB78C6C3295185B10027DD1E /* map_pinup.png in Resources */ = {isa = PBXBuildFile; fileRef = EB78C69E295185B10027DD1E /* map_pinup.png */; };
		EB78C6C4295185B10027DD1E /* detail_button.png in Resources */ = {isa = PBXBuildFile; fileRef = EB78C69F295185B10027DD1E /* detail_button.png */; };
		EB78C6C5295185B10027DD1E /* map_pin_custom@3x.png in Resources */ = {isa = PBXBuildFile; fileRef = EB78C6A0295185B10027DD1E /* map_pin_custom@3x.png */; };
		EB78C6C6295185B10027DD1E /* map_pinup@3x.png in Resources */ = {isa = PBXBuildFile; fileRef = EB78C6A1295185B10027DD1E /* map_pinup@3x.png */; };
		EB78C6C7295185B10027DD1E /* map_pin_shadow@3x.png in Resources */ = {isa = PBXBuildFile; fileRef = EB78C6A2295185B10027DD1E /* map_pin_shadow@3x.png */; };
		EB78C6C8295185B10027DD1E /* copyright.png in Resources */ = {isa = PBXBuildFile; fileRef = EB78C6A3295185B10027DD1E /* copyright.png */; };
		EB78C6C9295185B10027DD1E /* th_line.png in Resources */ = {isa = PBXBuildFile; fileRef = EB78C6A4295185B10027DD1E /* th_line.png */; };
		EB78C6CA295185B10027DD1E /* map_pin_red@3x.png in Resources */ = {isa = PBXBuildFile; fileRef = EB78C6A5295185B10027DD1E /* map_pin_red@3x.png */; };
		EB78C6CB295185B10027DD1E /* daum_copyright.png in Resources */ = {isa = PBXBuildFile; fileRef = EB78C6A6295185B10027DD1E /* daum_copyright.png */; };
		EB78C6CC295185B10027DD1E /* map_pin@3x.png in Resources */ = {isa = PBXBuildFile; fileRef = EB78C6A7295185B10027DD1E /* map_pin@3x.png */; };
		EB78C6CD295185B10027DD1E /* map_present_tracking.png in Resources */ = {isa = PBXBuildFile; fileRef = EB78C6A8295185B10027DD1E /* map_present_tracking.png */; };
		EB78C6CE295185B10027DD1E /* map_pin_red.png in Resources */ = {isa = PBXBuildFile; fileRef = EB78C6A9295185B10027DD1E /* map_pin_red.png */; };
		EB78C6CF295185B10027DD1E /* info_box.png in Resources */ = {isa = PBXBuildFile; fileRef = EB78C6B3295185B10027DD1E /* info_box.png */; };
		EB78C6D0295185B10027DD1E /* point_sprite.png in Resources */ = {isa = PBXBuildFile; fileRef = EB78C6B4295185B10027DD1E /* point_sprite.png */; };
		EB78C6D1295185B10027DD1E /* map_pinup_custom.png in Resources */ = {isa = PBXBuildFile; fileRef = EB78C6B5295185B10027DD1E /* map_pinup_custom.png */; };
		EB78C6D2295185B10027DD1E /* info_box_tail.png in Resources */ = {isa = PBXBuildFile; fileRef = EB78C6B6295185B10027DD1E /* info_box_tail.png */; };
		EB78C6D3295185B10027DD1E /* noimage256.png in Resources */ = {isa = PBXBuildFile; fileRef = EB78C6B7295185B10027DD1E /* noimage256.png */; };
		EB78C6D4295185B10027DD1E /* map_present_direction.png in Resources */ = {isa = PBXBuildFile; fileRef = EB78C6B8295185B10027DD1E /* map_present_direction.png */; };
		EB78C6D5295185B10027DD1E /* map_pin.png in Resources */ = {isa = PBXBuildFile; fileRef = EB78C6B9295185B10027DD1E /* map_pin.png */; };
		EB78C6D6295185B10027DD1E /* map_present.png in Resources */ = {isa = PBXBuildFile; fileRef = EB78C6BA295185B10027DD1E /* map_present.png */; };
		EB78C6D7295185B10027DD1E /* noimage.png in Resources */ = {isa = PBXBuildFile; fileRef = EB78C6BB295185B10027DD1E /* noimage.png */; };
		EB78C6D8295185B10027DD1E /* map_present_background_update.png in Resources */ = {isa = PBXBuildFile; fileRef = EB78C6BC295185B10027DD1E /* map_present_background_update.png */; };
		EB78C6D9295185B10027DD1E /* daum_th_line.png in Resources */ = {isa = PBXBuildFile; fileRef = EB78C6BD295185B10027DD1E /* daum_th_line.png */; };
		EB78C6DA295185B10027DD1E /* map_pin_shadow.png in Resources */ = {isa = PBXBuildFile; fileRef = EB78C6BE295185B10027DD1E /* map_pin_shadow.png */; };
		EB78C6DB295185B10027DD1E /* DaumMap.framework in Frameworks */ = {isa = PBXBuildFile; fileRef = EB78C6BF295185B10027DD1E /* DaumMap.framework */; };
		EB78C6DE295185C90027DD1E /* OpenGLES.framework in Frameworks */ = {isa = PBXBuildFile; fileRef = EB78C6DD295185C90027DD1E /* OpenGLES.framework */; };
		EB78C6E0295185D20027DD1E /* SystemConfiguration.framework in Frameworks */ = {isa = PBXBuildFile; fileRef = EB78C6DF295185D20027DD1E /* SystemConfiguration.framework */; };
		EB78C6E2295185DC0027DD1E /* CoreLocation.framework in Frameworks */ = {isa = PBXBuildFile; fileRef = EB78C6E1295185DC0027DD1E /* CoreLocation.framework */; };
		EB78C6E4295185E80027DD1E /* QuartzCore.framework in Frameworks */ = {isa = PBXBuildFile; fileRef = EB78C6E3295185E80027DD1E /* QuartzCore.framework */; };
		EB78C6E6295185FF0027DD1E /* libc++.tbd in Frameworks */ = {isa = PBXBuildFile; fileRef = EB78C6E5295185F80027DD1E /* libc++.tbd */; };
		EB78C6E8295186330027DD1E /* libxml2.tbd in Frameworks */ = {isa = PBXBuildFile; fileRef = EB78C6E7295186270027DD1E /* libxml2.tbd */; };
		EB78C6EA295186460027DD1E /* libsqlite3.tbd in Frameworks */ = {isa = PBXBuildFile; fileRef = EB78C6E92951863D0027DD1E /* libsqlite3.tbd */; };
		EB78C6F12951888A0027DD1E /* Login.storyboard in Resources */ = {isa = PBXBuildFile; fileRef = EB78C6F02951888A0027DD1E /* Login.storyboard */; };
		EB78C6F3295188FD0027DD1E /* LoginViewController.swift in Sources */ = {isa = PBXBuildFile; fileRef = EB78C6F2295188FD0027DD1E /* LoginViewController.swift */; };
		EB96628A29484D5B00040DCD /* AppDelegate.swift in Sources */ = {isa = PBXBuildFile; fileRef = EB96628929484D5B00040DCD /* AppDelegate.swift */; };
		EB96628C29484D5B00040DCD /* SceneDelegate.swift in Sources */ = {isa = PBXBuildFile; fileRef = EB96628B29484D5B00040DCD /* SceneDelegate.swift */; };
		EB96628E29484D5B00040DCD /* MainViewController.swift in Sources */ = {isa = PBXBuildFile; fileRef = EB96628D29484D5B00040DCD /* MainViewController.swift */; };
		EB96629129484D5B00040DCD /* Main.storyboard in Resources */ = {isa = PBXBuildFile; fileRef = EB96628F29484D5B00040DCD /* Main.storyboard */; };
		EB96629329484D5C00040DCD /* Assets.xcassets in Resources */ = {isa = PBXBuildFile; fileRef = EB96629229484D5C00040DCD /* Assets.xcassets */; };
		EB96629629484D5C00040DCD /* LaunchScreen.storyboard in Resources */ = {isa = PBXBuildFile; fileRef = EB96629429484D5C00040DCD /* LaunchScreen.storyboard */; };
/* End PBXBuildFile section */

/* Begin PBXFileReference section */
		EB78C696295184650027DD1E /* VALUN-Header.h */ = {isa = PBXFileReference; lastKnownFileType = sourcecode.c.h; path = "VALUN-Header.h"; sourceTree = "<group>"; };
		EB78C69B295185B10027DD1E /* map_pinup_custom@3x.png */ = {isa = PBXFileReference; lastKnownFileType = image.png; path = "map_pinup_custom@3x.png"; sourceTree = "<group>"; };
		EB78C69C295185B10027DD1E /* map_pin_custom.png */ = {isa = PBXFileReference; lastKnownFileType = image.png; path = map_pin_custom.png; sourceTree = "<group>"; };
		EB78C69D295185B10027DD1E /* shadow_balloon.png */ = {isa = PBXFileReference; lastKnownFileType = image.png; path = shadow_balloon.png; sourceTree = "<group>"; };
		EB78C69E295185B10027DD1E /* map_pinup.png */ = {isa = PBXFileReference; lastKnownFileType = image.png; path = map_pinup.png; sourceTree = "<group>"; };
		EB78C69F295185B10027DD1E /* detail_button.png */ = {isa = PBXFileReference; lastKnownFileType = image.png; path = detail_button.png; sourceTree = "<group>"; };
		EB78C6A0295185B10027DD1E /* map_pin_custom@3x.png */ = {isa = PBXFileReference; lastKnownFileType = image.png; path = "map_pin_custom@3x.png"; sourceTree = "<group>"; };
		EB78C6A1295185B10027DD1E /* map_pinup@3x.png */ = {isa = PBXFileReference; lastKnownFileType = image.png; path = "map_pinup@3x.png"; sourceTree = "<group>"; };
		EB78C6A2295185B10027DD1E /* map_pin_shadow@3x.png */ = {isa = PBXFileReference; lastKnownFileType = image.png; path = "map_pin_shadow@3x.png"; sourceTree = "<group>"; };
		EB78C6A3295185B10027DD1E /* copyright.png */ = {isa = PBXFileReference; lastKnownFileType = image.png; path = copyright.png; sourceTree = "<group>"; };
		EB78C6A4295185B10027DD1E /* th_line.png */ = {isa = PBXFileReference; lastKnownFileType = image.png; path = th_line.png; sourceTree = "<group>"; };
		EB78C6A5295185B10027DD1E /* map_pin_red@3x.png */ = {isa = PBXFileReference; lastKnownFileType = image.png; path = "map_pin_red@3x.png"; sourceTree = "<group>"; };
		EB78C6A6295185B10027DD1E /* daum_copyright.png */ = {isa = PBXFileReference; lastKnownFileType = image.png; path = daum_copyright.png; sourceTree = "<group>"; };
		EB78C6A7295185B10027DD1E /* map_pin@3x.png */ = {isa = PBXFileReference; lastKnownFileType = image.png; path = "map_pin@3x.png"; sourceTree = "<group>"; };
		EB78C6A8295185B10027DD1E /* map_present_tracking.png */ = {isa = PBXFileReference; lastKnownFileType = image.png; path = map_present_tracking.png; sourceTree = "<group>"; };
		EB78C6A9295185B10027DD1E /* map_pin_red.png */ = {isa = PBXFileReference; lastKnownFileType = image.png; path = map_pin_red.png; sourceTree = "<group>"; };
		EB78C6AB295185B10027DD1E /* MTMapPOIItem.h */ = {isa = PBXFileReference; fileEncoding = 4; lastKnownFileType = sourcecode.c.h; path = MTMapPOIItem.h; sourceTree = "<group>"; };
		EB78C6AC295185B10027DD1E /* MTMapCameraUpdate.h */ = {isa = PBXFileReference; fileEncoding = 4; lastKnownFileType = sourcecode.c.h; path = MTMapCameraUpdate.h; sourceTree = "<group>"; };
		EB78C6AD295185B10027DD1E /* MTMapReverseGeoCoder.h */ = {isa = PBXFileReference; fileEncoding = 4; lastKnownFileType = sourcecode.c.h; path = MTMapReverseGeoCoder.h; sourceTree = "<group>"; };
		EB78C6AE295185B10027DD1E /* MTMapPolyline.h */ = {isa = PBXFileReference; fileEncoding = 4; lastKnownFileType = sourcecode.c.h; path = MTMapPolyline.h; sourceTree = "<group>"; };
		EB78C6AF295185B10027DD1E /* MTMapLocationMarkerItem.h */ = {isa = PBXFileReference; fileEncoding = 4; lastKnownFileType = sourcecode.c.h; path = MTMapLocationMarkerItem.h; sourceTree = "<group>"; };
		EB78C6B0295185B10027DD1E /* MTMapView.h */ = {isa = PBXFileReference; fileEncoding = 4; lastKnownFileType = sourcecode.c.h; path = MTMapView.h; sourceTree = "<group>"; };
		EB78C6B1295185B10027DD1E /* MTMapGeometry.h */ = {isa = PBXFileReference; fileEncoding = 4; lastKnownFileType = sourcecode.c.h; path = MTMapGeometry.h; sourceTree = "<group>"; };
		EB78C6B2295185B10027DD1E /* MTMapCircle.h */ = {isa = PBXFileReference; fileEncoding = 4; lastKnownFileType = sourcecode.c.h; path = MTMapCircle.h; sourceTree = "<group>"; };
		EB78C6B3295185B10027DD1E /* info_box.png */ = {isa = PBXFileReference; lastKnownFileType = image.png; path = info_box.png; sourceTree = "<group>"; };
		EB78C6B4295185B10027DD1E /* point_sprite.png */ = {isa = PBXFileReference; lastKnownFileType = image.png; path = point_sprite.png; sourceTree = "<group>"; };
		EB78C6B5295185B10027DD1E /* map_pinup_custom.png */ = {isa = PBXFileReference; lastKnownFileType = image.png; path = map_pinup_custom.png; sourceTree = "<group>"; };
		EB78C6B6295185B10027DD1E /* info_box_tail.png */ = {isa = PBXFileReference; lastKnownFileType = image.png; path = info_box_tail.png; sourceTree = "<group>"; };
		EB78C6B7295185B10027DD1E /* noimage256.png */ = {isa = PBXFileReference; lastKnownFileType = image.png; path = noimage256.png; sourceTree = "<group>"; };
		EB78C6B8295185B10027DD1E /* map_present_direction.png */ = {isa = PBXFileReference; lastKnownFileType = image.png; path = map_present_direction.png; sourceTree = "<group>"; };
		EB78C6B9295185B10027DD1E /* map_pin.png */ = {isa = PBXFileReference; lastKnownFileType = image.png; path = map_pin.png; sourceTree = "<group>"; };
		EB78C6BA295185B10027DD1E /* map_present.png */ = {isa = PBXFileReference; lastKnownFileType = image.png; path = map_present.png; sourceTree = "<group>"; };
		EB78C6BB295185B10027DD1E /* noimage.png */ = {isa = PBXFileReference; lastKnownFileType = image.png; path = noimage.png; sourceTree = "<group>"; };
		EB78C6BC295185B10027DD1E /* map_present_background_update.png */ = {isa = PBXFileReference; lastKnownFileType = image.png; path = map_present_background_update.png; sourceTree = "<group>"; };
		EB78C6BD295185B10027DD1E /* daum_th_line.png */ = {isa = PBXFileReference; lastKnownFileType = image.png; path = daum_th_line.png; sourceTree = "<group>"; };
		EB78C6BE295185B10027DD1E /* map_pin_shadow.png */ = {isa = PBXFileReference; lastKnownFileType = image.png; path = map_pin_shadow.png; sourceTree = "<group>"; };
		EB78C6BF295185B10027DD1E /* DaumMap.framework */ = {isa = PBXFileReference; lastKnownFileType = wrapper.framework; path = DaumMap.framework; sourceTree = "<group>"; };
		EB78C6DD295185C90027DD1E /* OpenGLES.framework */ = {isa = PBXFileReference; lastKnownFileType = wrapper.framework; name = OpenGLES.framework; path = System/Library/Frameworks/OpenGLES.framework; sourceTree = SDKROOT; };
		EB78C6DF295185D20027DD1E /* SystemConfiguration.framework */ = {isa = PBXFileReference; lastKnownFileType = wrapper.framework; name = SystemConfiguration.framework; path = System/Library/Frameworks/SystemConfiguration.framework; sourceTree = SDKROOT; };
		EB78C6E1295185DC0027DD1E /* CoreLocation.framework */ = {isa = PBXFileReference; lastKnownFileType = wrapper.framework; name = CoreLocation.framework; path = System/Library/Frameworks/CoreLocation.framework; sourceTree = SDKROOT; };
		EB78C6E3295185E80027DD1E /* QuartzCore.framework */ = {isa = PBXFileReference; lastKnownFileType = wrapper.framework; name = QuartzCore.framework; path = System/Library/Frameworks/QuartzCore.framework; sourceTree = SDKROOT; };
		EB78C6E5295185F80027DD1E /* libc++.tbd */ = {isa = PBXFileReference; lastKnownFileType = "sourcecode.text-based-dylib-definition"; name = "libc++.tbd"; path = "usr/lib/libc++.tbd"; sourceTree = SDKROOT; };
		EB78C6E7295186270027DD1E /* libxml2.tbd */ = {isa = PBXFileReference; lastKnownFileType = "sourcecode.text-based-dylib-definition"; name = libxml2.tbd; path = usr/lib/libxml2.tbd; sourceTree = SDKROOT; };
		EB78C6E92951863D0027DD1E /* libsqlite3.tbd */ = {isa = PBXFileReference; lastKnownFileType = "sourcecode.text-based-dylib-definition"; name = libsqlite3.tbd; path = usr/lib/libsqlite3.tbd; sourceTree = SDKROOT; };
		EB78C6F02951888A0027DD1E /* Login.storyboard */ = {isa = PBXFileReference; lastKnownFileType = file.storyboard; path = Login.storyboard; sourceTree = "<group>"; };
		EB78C6F2295188FD0027DD1E /* LoginViewController.swift */ = {isa = PBXFileReference; lastKnownFileType = sourcecode.swift; path = LoginViewController.swift; sourceTree = "<group>"; };
		EB96628629484D5B00040DCD /* VALUN.app */ = {isa = PBXFileReference; explicitFileType = wrapper.application; includeInIndex = 0; path = VALUN.app; sourceTree = BUILT_PRODUCTS_DIR; };
		EB96628929484D5B00040DCD /* AppDelegate.swift */ = {isa = PBXFileReference; lastKnownFileType = sourcecode.swift; path = AppDelegate.swift; sourceTree = "<group>"; };
		EB96628B29484D5B00040DCD /* SceneDelegate.swift */ = {isa = PBXFileReference; lastKnownFileType = sourcecode.swift; path = SceneDelegate.swift; sourceTree = "<group>"; };
		EB96628D29484D5B00040DCD /* MainViewController.swift */ = {isa = PBXFileReference; lastKnownFileType = sourcecode.swift; path = MainViewController.swift; sourceTree = "<group>"; };
		EB96629029484D5B00040DCD /* Base */ = {isa = PBXFileReference; lastKnownFileType = file.storyboard; name = Base; path = Base.lproj/Main.storyboard; sourceTree = "<group>"; };
		EB96629229484D5C00040DCD /* Assets.xcassets */ = {isa = PBXFileReference; lastKnownFileType = folder.assetcatalog; path = Assets.xcassets; sourceTree = "<group>"; };
		EB96629529484D5C00040DCD /* Base */ = {isa = PBXFileReference; lastKnownFileType = file.storyboard; name = Base; path = Base.lproj/LaunchScreen.storyboard; sourceTree = "<group>"; };
		EB96629729484D5C00040DCD /* Info.plist */ = {isa = PBXFileReference; lastKnownFileType = text.plist.xml; path = Info.plist; sourceTree = "<group>"; };
/* End PBXFileReference section */

/* Begin PBXFrameworksBuildPhase section */
		EB96628329484D5B00040DCD /* Frameworks */ = {
			isa = PBXFrameworksBuildPhase;
			buildActionMask = 2147483647;
			files = (
				EB78C6E6295185FF0027DD1E /* libc++.tbd in Frameworks */,
				EB78C6E4295185E80027DD1E /* QuartzCore.framework in Frameworks */,
				EB78C6EA295186460027DD1E /* libsqlite3.tbd in Frameworks */,
				EB78C6E2295185DC0027DD1E /* CoreLocation.framework in Frameworks */,
				EB78C6E8295186330027DD1E /* libxml2.tbd in Frameworks */,
				EB78C6DB295185B10027DD1E /* DaumMap.framework in Frameworks */,
				EB78C6E0295185D20027DD1E /* SystemConfiguration.framework in Frameworks */,
				EB78C6DE295185C90027DD1E /* OpenGLES.framework in Frameworks */,
			);
			runOnlyForDeploymentPostprocessing = 0;
		};
/* End PBXFrameworksBuildPhase section */

/* Begin PBXGroup section */
		EB78C699295185B10027DD1E /* DaumMap.embeddedframework */ = {
			isa = PBXGroup;
			children = (
				EB78C69A295185B10027DD1E /* Resources */,
				EB78C6BF295185B10027DD1E /* DaumMap.framework */,
			);
			path = DaumMap.embeddedframework;
			sourceTree = "<group>";
		};
		EB78C69A295185B10027DD1E /* Resources */ = {
			isa = PBXGroup;
			children = (
				EB78C69B295185B10027DD1E /* map_pinup_custom@3x.png */,
				EB78C69C295185B10027DD1E /* map_pin_custom.png */,
				EB78C69D295185B10027DD1E /* shadow_balloon.png */,
				EB78C69E295185B10027DD1E /* map_pinup.png */,
				EB78C69F295185B10027DD1E /* detail_button.png */,
				EB78C6A0295185B10027DD1E /* map_pin_custom@3x.png */,
				EB78C6A1295185B10027DD1E /* map_pinup@3x.png */,
				EB78C6A2295185B10027DD1E /* map_pin_shadow@3x.png */,
				EB78C6A3295185B10027DD1E /* copyright.png */,
				EB78C6A4295185B10027DD1E /* th_line.png */,
				EB78C6A5295185B10027DD1E /* map_pin_red@3x.png */,
				EB78C6A6295185B10027DD1E /* daum_copyright.png */,
				EB78C6A7295185B10027DD1E /* map_pin@3x.png */,
				EB78C6A8295185B10027DD1E /* map_present_tracking.png */,
				EB78C6A9295185B10027DD1E /* map_pin_red.png */,
				EB78C6AA295185B10027DD1E /* Headers */,
				EB78C6B3295185B10027DD1E /* info_box.png */,
				EB78C6B4295185B10027DD1E /* point_sprite.png */,
				EB78C6B5295185B10027DD1E /* map_pinup_custom.png */,
				EB78C6B6295185B10027DD1E /* info_box_tail.png */,
				EB78C6B7295185B10027DD1E /* noimage256.png */,
				EB78C6B8295185B10027DD1E /* map_present_direction.png */,
				EB78C6B9295185B10027DD1E /* map_pin.png */,
				EB78C6BA295185B10027DD1E /* map_present.png */,
				EB78C6BB295185B10027DD1E /* noimage.png */,
				EB78C6BC295185B10027DD1E /* map_present_background_update.png */,
				EB78C6BD295185B10027DD1E /* daum_th_line.png */,
				EB78C6BE295185B10027DD1E /* map_pin_shadow.png */,
			);
			path = Resources;
			sourceTree = "<group>";
		};
		EB78C6AA295185B10027DD1E /* Headers */ = {
			isa = PBXGroup;
			children = (
				EB78C6AB295185B10027DD1E /* MTMapPOIItem.h */,
				EB78C6AC295185B10027DD1E /* MTMapCameraUpdate.h */,
				EB78C6AD295185B10027DD1E /* MTMapReverseGeoCoder.h */,
				EB78C6AE295185B10027DD1E /* MTMapPolyline.h */,
				EB78C6AF295185B10027DD1E /* MTMapLocationMarkerItem.h */,
				EB78C6B0295185B10027DD1E /* MTMapView.h */,
				EB78C6B1295185B10027DD1E /* MTMapGeometry.h */,
				EB78C6B2295185B10027DD1E /* MTMapCircle.h */,
			);
			path = Headers;
			sourceTree = "<group>";
		};
		EB78C6DC295185C80027DD1E /* Frameworks */ = {
			isa = PBXGroup;
			children = (
				EB78C6E92951863D0027DD1E /* libsqlite3.tbd */,
				EB78C6E7295186270027DD1E /* libxml2.tbd */,
				EB78C6E5295185F80027DD1E /* libc++.tbd */,
				EB78C6E3295185E80027DD1E /* QuartzCore.framework */,
				EB78C6E1295185DC0027DD1E /* CoreLocation.framework */,
				EB78C6DF295185D20027DD1E /* SystemConfiguration.framework */,
				EB78C6DD295185C90027DD1E /* OpenGLES.framework */,
			);
			name = Frameworks;
			sourceTree = "<group>";
		};
		EB78C6EB295188230027DD1E /* BaseFile */ = {
			isa = PBXGroup;
			children = (
				EB96629229484D5C00040DCD /* Assets.xcassets */,
				EB96628929484D5B00040DCD /* AppDelegate.swift */,
				EB96628B29484D5B00040DCD /* SceneDelegate.swift */,
			);
			path = BaseFile;
			sourceTree = "<group>";
		};
		EB78C6EC295188480027DD1E /* View */ = {
			isa = PBXGroup;
			children = (
				EB96628F29484D5B00040DCD /* Main.storyboard */,
				EB96629429484D5C00040DCD /* LaunchScreen.storyboard */,
				EB78C6F02951888A0027DD1E /* Login.storyboard */,
			);
			path = View;
			sourceTree = "<group>";
		};
		EB78C6EE295188620027DD1E /* Controller */ = {
			isa = PBXGroup;
			children = (
				EB96628D29484D5B00040DCD /* MainViewController.swift */,
				EB78C6F2295188FD0027DD1E /* LoginViewController.swift */,
			);
			path = Controller;
			sourceTree = "<group>";
		};
		EB78C6EF295188690027DD1E /* Model */ = {
			isa = PBXGroup;
			children = (
			);
			path = Model;
			sourceTree = "<group>";
		};
		EB96627D29484D5B00040DCD = {
			isa = PBXGroup;
			children = (
				EB96628829484D5B00040DCD /* VALUN */,
				EB96628729484D5B00040DCD /* Products */,
				EB78C6DC295185C80027DD1E /* Frameworks */,
			);
			sourceTree = "<group>";
		};
		EB96628729484D5B00040DCD /* Products */ = {
			isa = PBXGroup;
			children = (
				EB96628629484D5B00040DCD /* VALUN.app */,
			);
			name = Products;
			sourceTree = "<group>";
		};
		EB96628829484D5B00040DCD /* VALUN */ = {
			isa = PBXGroup;
			children = (
				EB78C6EF295188690027DD1E /* Model */,
				EB78C6EE295188620027DD1E /* Controller */,
				EB78C6EC295188480027DD1E /* View */,
				EB78C6EB295188230027DD1E /* BaseFile */,
				EB78C699295185B10027DD1E /* DaumMap.embeddedframework */,
				EB96629729484D5C00040DCD /* Info.plist */,
				EB78C696295184650027DD1E /* VALUN-Header.h */,
			);
			path = VALUN;
			sourceTree = "<group>";
		};
/* End PBXGroup section */

/* Begin PBXNativeTarget section */
		EB96628529484D5B00040DCD /* VALUN */ = {
			isa = PBXNativeTarget;
			buildConfigurationList = EB96629A29484D5C00040DCD /* Build configuration list for PBXNativeTarget "VALUN" */;
			buildPhases = (
				EB96628229484D5B00040DCD /* Sources */,
				EB96628329484D5B00040DCD /* Frameworks */,
				EB96628429484D5B00040DCD /* Resources */,
			);
			buildRules = (
			);
			dependencies = (
			);
			name = VALUN;
			productName = VALUN;
			productReference = EB96628629484D5B00040DCD /* VALUN.app */;
			productType = "com.apple.product-type.application";
		};
/* End PBXNativeTarget section */

/* Begin PBXProject section */
		EB96627E29484D5B00040DCD /* Project object */ = {
			isa = PBXProject;
			attributes = {
				BuildIndependentTargetsInParallel = 1;
				LastSwiftUpdateCheck = 1410;
				LastUpgradeCheck = 1410;
				TargetAttributes = {
					EB96628529484D5B00040DCD = {
						CreatedOnToolsVersion = 14.1;
					};
				};
			};
			buildConfigurationList = EB96628129484D5B00040DCD /* Build configuration list for PBXProject "VALUN" */;
			compatibilityVersion = "Xcode 14.0";
			developmentRegion = en;
			hasScannedForEncodings = 0;
			knownRegions = (
				en,
				Base,
			);
			mainGroup = EB96627D29484D5B00040DCD;
			productRefGroup = EB96628729484D5B00040DCD /* Products */;
			projectDirPath = "";
			projectRoot = "";
			targets = (
				EB96628529484D5B00040DCD /* VALUN */,
			);
		};
/* End PBXProject section */

/* Begin PBXResourcesBuildPhase section */
		EB96628429484D5B00040DCD /* Resources */ = {
			isa = PBXResourcesBuildPhase;
			buildActionMask = 2147483647;
			files = (
				EB78C6D6295185B10027DD1E /* map_present.png in Resources */,
				EB78C6CC295185B10027DD1E /* map_pin@3x.png in Resources */,
				EB78C6CA295185B10027DD1E /* map_pin_red@3x.png in Resources */,
				EB78C6D5295185B10027DD1E /* map_pin.png in Resources */,
				EB78C6CE295185B10027DD1E /* map_pin_red.png in Resources */,
				EB78C6C0295185B10027DD1E /* map_pinup_custom@3x.png in Resources */,
				EB78C6C8295185B10027DD1E /* copyright.png in Resources */,
				EB78C6C7295185B10027DD1E /* map_pin_shadow@3x.png in Resources */,
				EB96629629484D5C00040DCD /* LaunchScreen.storyboard in Resources */,
				EB78C6CB295185B10027DD1E /* daum_copyright.png in Resources */,
				EB78C6CF295185B10027DD1E /* info_box.png in Resources */,
				EB78C6C5295185B10027DD1E /* map_pin_custom@3x.png in Resources */,
				EB78C6DA295185B10027DD1E /* map_pin_shadow.png in Resources */,
				EB78C6CD295185B10027DD1E /* map_present_tracking.png in Resources */,
				EB78C6F12951888A0027DD1E /* Login.storyboard in Resources */,
				EB78C6C4295185B10027DD1E /* detail_button.png in Resources */,
				EB78C6D7295185B10027DD1E /* noimage.png in Resources */,
				EB78C6C9295185B10027DD1E /* th_line.png in Resources */,
				EB78C6D2295185B10027DD1E /* info_box_tail.png in Resources */,
				EB78C6C1295185B10027DD1E /* map_pin_custom.png in Resources */,
				EB78C6D1295185B10027DD1E /* map_pinup_custom.png in Resources */,
				EB78C6C6295185B10027DD1E /* map_pinup@3x.png in Resources */,
				EB78C6D0295185B10027DD1E /* point_sprite.png in Resources */,
				EB78C6D8295185B10027DD1E /* map_present_background_update.png in Resources */,
				EB78C6D4295185B10027DD1E /* map_present_direction.png in Resources */,
				EB78C6D3295185B10027DD1E /* noimage256.png in Resources */,
				EB78C6C2295185B10027DD1E /* shadow_balloon.png in Resources */,
				EB96629329484D5C00040DCD /* Assets.xcassets in Resources */,
				EB96629129484D5B00040DCD /* Main.storyboard in Resources */,
				EB78C6D9295185B10027DD1E /* daum_th_line.png in Resources */,
				EB78C6C3295185B10027DD1E /* map_pinup.png in Resources */,
			);
			runOnlyForDeploymentPostprocessing = 0;
		};
/* End PBXResourcesBuildPhase section */

/* Begin PBXSourcesBuildPhase section */
		EB96628229484D5B00040DCD /* Sources */ = {
			isa = PBXSourcesBuildPhase;
			buildActionMask = 2147483647;
			files = (
				EB78C6F3295188FD0027DD1E /* LoginViewController.swift in Sources */,
				EB96628E29484D5B00040DCD /* MainViewController.swift in Sources */,
				EB96628A29484D5B00040DCD /* AppDelegate.swift in Sources */,
				EB96628C29484D5B00040DCD /* SceneDelegate.swift in Sources */,
			);
			runOnlyForDeploymentPostprocessing = 0;
		};
/* End PBXSourcesBuildPhase section */

/* Begin PBXVariantGroup section */
		EB96628F29484D5B00040DCD /* Main.storyboard */ = {
			isa = PBXVariantGroup;
			children = (
				EB96629029484D5B00040DCD /* Base */,
			);
			name = Main.storyboard;
			sourceTree = "<group>";
		};
		EB96629429484D5C00040DCD /* LaunchScreen.storyboard */ = {
			isa = PBXVariantGroup;
			children = (
				EB96629529484D5C00040DCD /* Base */,
			);
			name = LaunchScreen.storyboard;
			sourceTree = "<group>";
		};
/* End PBXVariantGroup section */

/* Begin XCBuildConfiguration section */
		EB96629829484D5C00040DCD /* Debug */ = {
			isa = XCBuildConfiguration;
			buildSettings = {
				ALWAYS_SEARCH_USER_PATHS = NO;
				CLANG_ANALYZER_NONNULL = YES;
				CLANG_ANALYZER_NUMBER_OBJECT_CONVERSION = YES_AGGRESSIVE;
				CLANG_CXX_LANGUAGE_STANDARD = "gnu++20";
				CLANG_ENABLE_MODULES = YES;
				CLANG_ENABLE_OBJC_ARC = YES;
				CLANG_ENABLE_OBJC_WEAK = YES;
				CLANG_WARN_BLOCK_CAPTURE_AUTORELEASING = YES;
				CLANG_WARN_BOOL_CONVERSION = YES;
				CLANG_WARN_COMMA = YES;
				CLANG_WARN_CONSTANT_CONVERSION = YES;
				CLANG_WARN_DEPRECATED_OBJC_IMPLEMENTATIONS = YES;
				CLANG_WARN_DIRECT_OBJC_ISA_USAGE = YES_ERROR;
				CLANG_WARN_DOCUMENTATION_COMMENTS = YES;
				CLANG_WARN_EMPTY_BODY = YES;
				CLANG_WARN_ENUM_CONVERSION = YES;
				CLANG_WARN_INFINITE_RECURSION = YES;
				CLANG_WARN_INT_CONVERSION = YES;
				CLANG_WARN_NON_LITERAL_NULL_CONVERSION = YES;
				CLANG_WARN_OBJC_IMPLICIT_RETAIN_SELF = YES;
				CLANG_WARN_OBJC_LITERAL_CONVERSION = YES;
				CLANG_WARN_OBJC_ROOT_CLASS = YES_ERROR;
				CLANG_WARN_QUOTED_INCLUDE_IN_FRAMEWORK_HEADER = YES;
				CLANG_WARN_RANGE_LOOP_ANALYSIS = YES;
				CLANG_WARN_STRICT_PROTOTYPES = YES;
				CLANG_WARN_SUSPICIOUS_MOVE = YES;
				CLANG_WARN_UNGUARDED_AVAILABILITY = YES_AGGRESSIVE;
				CLANG_WARN_UNREACHABLE_CODE = YES;
				CLANG_WARN__DUPLICATE_METHOD_MATCH = YES;
				COPY_PHASE_STRIP = NO;
				DEBUG_INFORMATION_FORMAT = dwarf;
				ENABLE_STRICT_OBJC_MSGSEND = YES;
				ENABLE_TESTABILITY = YES;
				GCC_C_LANGUAGE_STANDARD = gnu11;
				GCC_DYNAMIC_NO_PIC = NO;
				GCC_NO_COMMON_BLOCKS = YES;
				GCC_OPTIMIZATION_LEVEL = 0;
				GCC_PREPROCESSOR_DEFINITIONS = (
					"DEBUG=1",
					"$(inherited)",
				);
				GCC_WARN_64_TO_32_BIT_CONVERSION = YES;
				GCC_WARN_ABOUT_RETURN_TYPE = YES_ERROR;
				GCC_WARN_UNDECLARED_SELECTOR = YES;
				GCC_WARN_UNINITIALIZED_AUTOS = YES_AGGRESSIVE;
				GCC_WARN_UNUSED_FUNCTION = YES;
				GCC_WARN_UNUSED_VARIABLE = YES;
				IPHONEOS_DEPLOYMENT_TARGET = 16.1;
				MTL_ENABLE_DEBUG_INFO = INCLUDE_SOURCE;
				MTL_FAST_MATH = YES;
				ONLY_ACTIVE_ARCH = YES;
				SDKROOT = iphoneos;
				SWIFT_ACTIVE_COMPILATION_CONDITIONS = DEBUG;
				SWIFT_OPTIMIZATION_LEVEL = "-Onone";
			};
			name = Debug;
		};
		EB96629929484D5C00040DCD /* Release */ = {
			isa = XCBuildConfiguration;
			buildSettings = {
				ALWAYS_SEARCH_USER_PATHS = NO;
				CLANG_ANALYZER_NONNULL = YES;
				CLANG_ANALYZER_NUMBER_OBJECT_CONVERSION = YES_AGGRESSIVE;
				CLANG_CXX_LANGUAGE_STANDARD = "gnu++20";
				CLANG_ENABLE_MODULES = YES;
				CLANG_ENABLE_OBJC_ARC = YES;
				CLANG_ENABLE_OBJC_WEAK = YES;
				CLANG_WARN_BLOCK_CAPTURE_AUTORELEASING = YES;
				CLANG_WARN_BOOL_CONVERSION = YES;
				CLANG_WARN_COMMA = YES;
				CLANG_WARN_CONSTANT_CONVERSION = YES;
				CLANG_WARN_DEPRECATED_OBJC_IMPLEMENTATIONS = YES;
				CLANG_WARN_DIRECT_OBJC_ISA_USAGE = YES_ERROR;
				CLANG_WARN_DOCUMENTATION_COMMENTS = YES;
				CLANG_WARN_EMPTY_BODY = YES;
				CLANG_WARN_ENUM_CONVERSION = YES;
				CLANG_WARN_INFINITE_RECURSION = YES;
				CLANG_WARN_INT_CONVERSION = YES;
				CLANG_WARN_NON_LITERAL_NULL_CONVERSION = YES;
				CLANG_WARN_OBJC_IMPLICIT_RETAIN_SELF = YES;
				CLANG_WARN_OBJC_LITERAL_CONVERSION = YES;
				CLANG_WARN_OBJC_ROOT_CLASS = YES_ERROR;
				CLANG_WARN_QUOTED_INCLUDE_IN_FRAMEWORK_HEADER = YES;
				CLANG_WARN_RANGE_LOOP_ANALYSIS = YES;
				CLANG_WARN_STRICT_PROTOTYPES = YES;
				CLANG_WARN_SUSPICIOUS_MOVE = YES;
				CLANG_WARN_UNGUARDED_AVAILABILITY = YES_AGGRESSIVE;
				CLANG_WARN_UNREACHABLE_CODE = YES;
				CLANG_WARN__DUPLICATE_METHOD_MATCH = YES;
				COPY_PHASE_STRIP = NO;
				DEBUG_INFORMATION_FORMAT = "dwarf-with-dsym";
				ENABLE_NS_ASSERTIONS = NO;
				ENABLE_STRICT_OBJC_MSGSEND = YES;
				GCC_C_LANGUAGE_STANDARD = gnu11;
				GCC_NO_COMMON_BLOCKS = YES;
				GCC_WARN_64_TO_32_BIT_CONVERSION = YES;
				GCC_WARN_ABOUT_RETURN_TYPE = YES_ERROR;
				GCC_WARN_UNDECLARED_SELECTOR = YES;
				GCC_WARN_UNINITIALIZED_AUTOS = YES_AGGRESSIVE;
				GCC_WARN_UNUSED_FUNCTION = YES;
				GCC_WARN_UNUSED_VARIABLE = YES;
				IPHONEOS_DEPLOYMENT_TARGET = 16.1;
				MTL_ENABLE_DEBUG_INFO = NO;
				MTL_FAST_MATH = YES;
				SDKROOT = iphoneos;
				SWIFT_COMPILATION_MODE = wholemodule;
				SWIFT_OPTIMIZATION_LEVEL = "-O";
				VALIDATE_PRODUCT = YES;
			};
			name = Release;
		};
		EB96629B29484D5C00040DCD /* Debug */ = {
			isa = XCBuildConfiguration;
			buildSettings = {
				ASSETCATALOG_COMPILER_APPICON_NAME = AppIcon;
				ASSETCATALOG_COMPILER_GLOBAL_ACCENT_COLOR_NAME = AccentColor;
				CLANG_ENABLE_OBJC_ARC = NO;
				CODE_SIGN_STYLE = Automatic;
				CURRENT_PROJECT_VERSION = 1;
				DEVELOPMENT_TEAM = VKGAQDGK5R;
				FRAMEWORK_SEARCH_PATHS = (
					"$(inherited)",
					"$(PROJECT_DIR)/VALUN/DaumMap.embeddedframework",
				);
				GENERATE_INFOPLIST_FILE = YES;
				INFOPLIST_FILE = VALUN/Info.plist;
				INFOPLIST_KEY_UIApplicationSupportsIndirectInputEvents = YES;
				INFOPLIST_KEY_UILaunchStoryboardName = LaunchScreen;
				INFOPLIST_KEY_UIMainStoryboardFile = Main;
				INFOPLIST_KEY_UISupportedInterfaceOrientations_iPad = "UIInterfaceOrientationPortrait UIInterfaceOrientationPortraitUpsideDown UIInterfaceOrientationLandscapeLeft UIInterfaceOrientationLandscapeRight";
				INFOPLIST_KEY_UISupportedInterfaceOrientations_iPhone = "UIInterfaceOrientationPortrait UIInterfaceOrientationLandscapeLeft UIInterfaceOrientationLandscapeRight";
				LD_RUNPATH_SEARCH_PATHS = (
					"$(inherited)",
					"@executable_path/Frameworks",
				);
				MARKETING_VERSION = 1.0;
				PRODUCT_BUNDLE_IDENTIFIER = com.Dong.VALUN;
				PRODUCT_NAME = "$(TARGET_NAME)";
				SWIFT_EMIT_LOC_STRINGS = YES;
				SWIFT_OBJC_BRIDGING_HEADER = "VALUN/VALUN-Header.h";
				SWIFT_VERSION = 5.0;
				TARGETED_DEVICE_FAMILY = "1,2";
			};
			name = Debug;
		};
		EB96629C29484D5C00040DCD /* Release */ = {
			isa = XCBuildConfiguration;
			buildSettings = {
				ASSETCATALOG_COMPILER_APPICON_NAME = AppIcon;
				ASSETCATALOG_COMPILER_GLOBAL_ACCENT_COLOR_NAME = AccentColor;
				CLANG_ENABLE_OBJC_ARC = NO;
				CODE_SIGN_STYLE = Automatic;
				CURRENT_PROJECT_VERSION = 1;
				DEVELOPMENT_TEAM = VKGAQDGK5R;
				FRAMEWORK_SEARCH_PATHS = (
					"$(inherited)",
					"$(PROJECT_DIR)/VALUN/DaumMap.embeddedframework",
				);
				GENERATE_INFOPLIST_FILE = YES;
				INFOPLIST_FILE = VALUN/Info.plist;
				INFOPLIST_KEY_UIApplicationSupportsIndirectInputEvents = YES;
				INFOPLIST_KEY_UILaunchStoryboardName = LaunchScreen;
				INFOPLIST_KEY_UIMainStoryboardFile = Main;
				INFOPLIST_KEY_UISupportedInterfaceOrientations_iPad = "UIInterfaceOrientationPortrait UIInterfaceOrientationPortraitUpsideDown UIInterfaceOrientationLandscapeLeft UIInterfaceOrientationLandscapeRight";
				INFOPLIST_KEY_UISupportedInterfaceOrientations_iPhone = "UIInterfaceOrientationPortrait UIInterfaceOrientationLandscapeLeft UIInterfaceOrientationLandscapeRight";
				LD_RUNPATH_SEARCH_PATHS = (
					"$(inherited)",
					"@executable_path/Frameworks",
				);
				MARKETING_VERSION = 1.0;
				PRODUCT_BUNDLE_IDENTIFIER = com.Dong.VALUN;
				PRODUCT_NAME = "$(TARGET_NAME)";
				SWIFT_EMIT_LOC_STRINGS = YES;
				SWIFT_OBJC_BRIDGING_HEADER = "VALUN/VALUN-Header.h";
				SWIFT_VERSION = 5.0;
				TARGETED_DEVICE_FAMILY = "1,2";
			};
			name = Release;
		};
/* End XCBuildConfiguration section */

/* Begin XCConfigurationList section */
		EB96628129484D5B00040DCD /* Build configuration list for PBXProject "VALUN" */ = {
			isa = XCConfigurationList;
			buildConfigurations = (
				EB96629829484D5C00040DCD /* Debug */,
				EB96629929484D5C00040DCD /* Release */,
			);
			defaultConfigurationIsVisible = 0;
			defaultConfigurationName = Release;
		};
		EB96629A29484D5C00040DCD /* Build configuration list for PBXNativeTarget "VALUN" */ = {
			isa = XCConfigurationList;
			buildConfigurations = (
				EB96629B29484D5C00040DCD /* Debug */,
				EB96629C29484D5C00040DCD /* Release */,
			);
			defaultConfigurationIsVisible = 0;
			defaultConfigurationName = Release;
		};
/* End XCConfigurationList section */
	};
	rootObject = EB96627E29484D5B00040DCD /* Project object */;
}
