// !$*UTF8*$!
{
	archiveVersion = 1;
	classes = {
	};
	objectVersion = 56;
	objects = {

/* Begin PBXBuildFile section */
		68A76CAEA9DF78B9FDDDFC98 /* Pods_VALUN.framework in Frameworks */ = {isa = PBXBuildFile; fileRef = 8260C6E4A81A06CEFE105FF2 /* Pods_VALUN.framework */; };
		EB043A0C297649F6007E45AC /* AcceptIssueResponse.swift in Sources */ = {isa = PBXBuildFile; fileRef = EB043A0B297649F6007E45AC /* AcceptIssueResponse.swift */; };
		EB043A0F29764DE0007E45AC /* AcceptIssueRequest.swift in Sources */ = {isa = PBXBuildFile; fileRef = EB043A0E29764DE0007E45AC /* AcceptIssueRequest.swift */; };
		EB0A527A296E92250031B70B /* ResolutionIssueRequest.swift in Sources */ = {isa = PBXBuildFile; fileRef = EB0A5279296E92250031B70B /* ResolutionIssueRequest.swift */; };
		EB0A527D296E92370031B70B /* ResolutionIssueResponse.swift in Sources */ = {isa = PBXBuildFile; fileRef = EB0A527C296E92370031B70B /* ResolutionIssueResponse.swift */; };
		EB1B3448297014DA00A6CCDE /* OverlapIdRequest.swift in Sources */ = {isa = PBXBuildFile; fileRef = EB1B3447297014DA00A6CCDE /* OverlapIdRequest.swift */; };
		EB1B344A297014F900A6CCDE /* OverlapIdResponse.swift in Sources */ = {isa = PBXBuildFile; fileRef = EB1B3449297014F900A6CCDE /* OverlapIdResponse.swift */; };
		EB1B344C2970150A00A6CCDE /* OverlapNickRequest.swift in Sources */ = {isa = PBXBuildFile; fileRef = EB1B344B2970150A00A6CCDE /* OverlapNickRequest.swift */; };
		EB1B344E2970151700A6CCDE /* OverlapNickResponse.swift in Sources */ = {isa = PBXBuildFile; fileRef = EB1B344D2970151700A6CCDE /* OverlapNickResponse.swift */; };
		EB1CAE2429656003009425EA /* I_Reported_IssueViewController.swift in Sources */ = {isa = PBXBuildFile; fileRef = EB1CAE2329656003009425EA /* I_Reported_IssueViewController.swift */; };
		EB1CAE2629656032009425EA /* I_Reported_IssueTabmanViewController.swift in Sources */ = {isa = PBXBuildFile; fileRef = EB1CAE2529656032009425EA /* I_Reported_IssueTabmanViewController.swift */; };
		EB1CAE28296560D6009425EA /* Reported_AllIssueViewController.swift in Sources */ = {isa = PBXBuildFile; fileRef = EB1CAE27296560D6009425EA /* Reported_AllIssueViewController.swift */; };
		EB1CAE2A296560F0009425EA /* Reported_UnresolvedViewController.swift in Sources */ = {isa = PBXBuildFile; fileRef = EB1CAE29296560F0009425EA /* Reported_UnresolvedViewController.swift */; };
		EB1CAE2C29656108009425EA /* Reported_SolvingViewController.swift in Sources */ = {isa = PBXBuildFile; fileRef = EB1CAE2B29656108009425EA /* Reported_SolvingViewController.swift */; };
		EB1CAE2E29656125009425EA /* Reported_CompletedViewController.swift in Sources */ = {isa = PBXBuildFile; fileRef = EB1CAE2D29656125009425EA /* Reported_CompletedViewController.swift */; };
		EB1CAE3129656187009425EA /* I_Solved_IssueViewController.swift in Sources */ = {isa = PBXBuildFile; fileRef = EB1CAE3029656187009425EA /* I_Solved_IssueViewController.swift */; };
		EB1CAE3329656197009425EA /* I_Solved_IssueTabmanViewController.swift in Sources */ = {isa = PBXBuildFile; fileRef = EB1CAE3229656197009425EA /* I_Solved_IssueTabmanViewController.swift */; };
		EB1CAE3529656206009425EA /* Solved_AllIssueViewController.swift in Sources */ = {isa = PBXBuildFile; fileRef = EB1CAE3429656206009425EA /* Solved_AllIssueViewController.swift */; };
		EB1CAE372965623F009425EA /* Solved_SolvingViewController.swift in Sources */ = {isa = PBXBuildFile; fileRef = EB1CAE362965623F009425EA /* Solved_SolvingViewController.swift */; };
		EB1CAE392965625E009425EA /* Solved_CompletedViewController.swift in Sources */ = {isa = PBXBuildFile; fileRef = EB1CAE382965625E009425EA /* Solved_CompletedViewController.swift */; };
		EB1CAE3D296563D5009425EA /* MyIssueTableViewCell.xib in Resources */ = {isa = PBXBuildFile; fileRef = EB1CAE3C296563D5009425EA /* MyIssueTableViewCell.xib */; };
		EB1CAE4029656615009425EA /* MyIssueTableViewCell.swift in Sources */ = {isa = PBXBuildFile; fileRef = EB1CAE3F29656615009425EA /* MyIssueTableViewCell.swift */; };
		EB1EA0CB296A845000140622 /* MyProfileResponse.swift in Sources */ = {isa = PBXBuildFile; fileRef = EB1EA0CA296A845000140622 /* MyProfileResponse.swift */; };
		EB1EA0CD296AB16D00140622 /* RecentIssueResponse.swift in Sources */ = {isa = PBXBuildFile; fileRef = EB1EA0CC296AB16D00140622 /* RecentIssueResponse.swift */; };
		EB1EA0CF296AB1AA00140622 /* Issue.swift in Sources */ = {isa = PBXBuildFile; fileRef = EB1EA0CE296AB1AA00140622 /* Issue.swift */; };
		EB1EA0D2296AC14500140622 /* ReportIssueRequest.swift in Sources */ = {isa = PBXBuildFile; fileRef = EB1EA0D1296AC14500140622 /* ReportIssueRequest.swift */; };
		EB1EA0D4296AC15300140622 /* ReportIssueResponse.swift in Sources */ = {isa = PBXBuildFile; fileRef = EB1EA0D3296AC15300140622 /* ReportIssueResponse.swift */; };
		EB264846295AA5CC0014BC89 /* SUIT-Thin.otf in Resources */ = {isa = PBXBuildFile; fileRef = EB26483C295AA5CC0014BC89 /* SUIT-Thin.otf */; };
		EB264847295AA5CC0014BC89 /* SUIT-Regular.otf in Resources */ = {isa = PBXBuildFile; fileRef = EB26483D295AA5CC0014BC89 /* SUIT-Regular.otf */; };
		EB264848295AA5CC0014BC89 /* LICENSE in Resources */ = {isa = PBXBuildFile; fileRef = EB26483E295AA5CC0014BC89 /* LICENSE */; };
		EB264849295AA5CC0014BC89 /* SUIT-Heavy.otf in Resources */ = {isa = PBXBuildFile; fileRef = EB26483F295AA5CC0014BC89 /* SUIT-Heavy.otf */; };
		EB26484A295AA5CC0014BC89 /* SUIT-Bold.otf in Resources */ = {isa = PBXBuildFile; fileRef = EB264840295AA5CC0014BC89 /* SUIT-Bold.otf */; };
		EB26484B295AA5CC0014BC89 /* SUIT-Light.otf in Resources */ = {isa = PBXBuildFile; fileRef = EB264841295AA5CC0014BC89 /* SUIT-Light.otf */; };
		EB26484C295AA5CC0014BC89 /* SUIT-ExtraLight.otf in Resources */ = {isa = PBXBuildFile; fileRef = EB264842295AA5CC0014BC89 /* SUIT-ExtraLight.otf */; };
		EB26484D295AA5CC0014BC89 /* SUIT-SemiBold.otf in Resources */ = {isa = PBXBuildFile; fileRef = EB264843295AA5CC0014BC89 /* SUIT-SemiBold.otf */; };
		EB26484E295AA5CC0014BC89 /* SUIT-Medium.otf in Resources */ = {isa = PBXBuildFile; fileRef = EB264844295AA5CC0014BC89 /* SUIT-Medium.otf */; };
		EB26484F295AA5CC0014BC89 /* SUIT-ExtraBold.otf in Resources */ = {isa = PBXBuildFile; fileRef = EB264845295AA5CC0014BC89 /* SUIT-ExtraBold.otf */; };
		EB264851295AB9130014BC89 /* ListTableViewCell.xib in Resources */ = {isa = PBXBuildFile; fileRef = EB264850295AB9130014BC89 /* ListTableViewCell.xib */; };
		EB264853295AB95A0014BC89 /* ListTableViewCell.swift in Sources */ = {isa = PBXBuildFile; fileRef = EB264852295AB95A0014BC89 /* ListTableViewCell.swift */; };
		EB27564C2963F7D800BC8073 /* RejectedModalViewController.swift in Sources */ = {isa = PBXBuildFile; fileRef = EB27564B2963F7D800BC8073 /* RejectedModalViewController.swift */; };
		EB27564E2963FC6400BC8073 /* I_Reported_Issue.storyboard in Resources */ = {isa = PBXBuildFile; fileRef = EB27564D2963FC6400BC8073 /* I_Reported_Issue.storyboard */; };
		EB2756502963FC8E00BC8073 /* I_Solved_Issue.storyboard in Resources */ = {isa = PBXBuildFile; fileRef = EB27564F2963FC8E00BC8073 /* I_Solved_Issue.storyboard */; };
		EB2A68C529570BF400A85299 /* MyProfile.storyboard in Resources */ = {isa = PBXBuildFile; fileRef = EB2A68C429570BF400A85299 /* MyProfile.storyboard */; };
		EB4E8534295C07DE00986888 /* Pretendard-Medium.ttf in Resources */ = {isa = PBXBuildFile; fileRef = EB4E8522295C07DE00986888 /* Pretendard-Medium.ttf */; };
		EB4E8535295C07DE00986888 /* Pretendard-Black.ttf in Resources */ = {isa = PBXBuildFile; fileRef = EB4E8523295C07DE00986888 /* Pretendard-Black.ttf */; };
		EB4E8536295C07DE00986888 /* Pretendard-Regular.ttf in Resources */ = {isa = PBXBuildFile; fileRef = EB4E8524295C07DE00986888 /* Pretendard-Regular.ttf */; };
		EB4E8537295C07DE00986888 /* Pretendard-Thin.ttf in Resources */ = {isa = PBXBuildFile; fileRef = EB4E8525295C07DE00986888 /* Pretendard-Thin.ttf */; };
		EB4E8538295C07DE00986888 /* Pretendard-ExtraLight.ttf in Resources */ = {isa = PBXBuildFile; fileRef = EB4E8526295C07DE00986888 /* Pretendard-ExtraLight.ttf */; };
		EB4E8539295C07DE00986888 /* Pretendard-SemiBold.ttf in Resources */ = {isa = PBXBuildFile; fileRef = EB4E8527295C07DE00986888 /* Pretendard-SemiBold.ttf */; };
		EB4E853A295C07DE00986888 /* Pretendard-ExtraBold.ttf in Resources */ = {isa = PBXBuildFile; fileRef = EB4E8528295C07DE00986888 /* Pretendard-ExtraBold.ttf */; };
		EB4E853B295C07DE00986888 /* Pretendard-Bold.ttf in Resources */ = {isa = PBXBuildFile; fileRef = EB4E8529295C07DE00986888 /* Pretendard-Bold.ttf */; };
		EB4E853C295C07DE00986888 /* Pretendard-Light.ttf in Resources */ = {isa = PBXBuildFile; fileRef = EB4E852A295C07DE00986888 /* Pretendard-Light.ttf */; };
		EB4E853D295C07DE00986888 /* Pretendard-Regular.otf in Resources */ = {isa = PBXBuildFile; fileRef = EB4E852B295C07DE00986888 /* Pretendard-Regular.otf */; };
		EB4E853E295C07DE00986888 /* Pretendard-Black.otf in Resources */ = {isa = PBXBuildFile; fileRef = EB4E852C295C07DE00986888 /* Pretendard-Black.otf */; };
		EB4E853F295C07DE00986888 /* Pretendard-Medium.otf in Resources */ = {isa = PBXBuildFile; fileRef = EB4E852D295C07DE00986888 /* Pretendard-Medium.otf */; };
		EB4E8540295C07DE00986888 /* Pretendard-Light.otf in Resources */ = {isa = PBXBuildFile; fileRef = EB4E852E295C07DE00986888 /* Pretendard-Light.otf */; };
		EB4E8541295C07DE00986888 /* Pretendard-ExtraBold.otf in Resources */ = {isa = PBXBuildFile; fileRef = EB4E852F295C07DE00986888 /* Pretendard-ExtraBold.otf */; };
		EB4E8542295C07DE00986888 /* Pretendard-Bold.otf in Resources */ = {isa = PBXBuildFile; fileRef = EB4E8530295C07DE00986888 /* Pretendard-Bold.otf */; };
		EB4E8543295C07DE00986888 /* Pretendard-Thin.otf in Resources */ = {isa = PBXBuildFile; fileRef = EB4E8531295C07DE00986888 /* Pretendard-Thin.otf */; };
		EB4E8544295C07DE00986888 /* Pretendard-ExtraLight.otf in Resources */ = {isa = PBXBuildFile; fileRef = EB4E8532295C07DE00986888 /* Pretendard-ExtraLight.otf */; };
		EB4E8545295C07DE00986888 /* Pretendard-SemiBold.otf in Resources */ = {isa = PBXBuildFile; fileRef = EB4E8533295C07DE00986888 /* Pretendard-SemiBold.otf */; };
		EB4E8547295C09BC00986888 /* IssueDetail.storyboard in Resources */ = {isa = PBXBuildFile; fileRef = EB4E8546295C09BC00986888 /* IssueDetail.storyboard */; };
		EB61517F2965AC97008B743C /* ProfileNickChangeModalViewController.swift in Sources */ = {isa = PBXBuildFile; fileRef = EB61517E2965AC97008B743C /* ProfileNickChangeModalViewController.swift */; };
		EB6151812965ACB6008B743C /* PwChangeModalViewController.swift in Sources */ = {isa = PBXBuildFile; fileRef = EB6151802965ACB6008B743C /* PwChangeModalViewController.swift */; };
		EB625F3B29667CC80084808A /* VALUNLog.swift in Sources */ = {isa = PBXBuildFile; fileRef = EB625F3A29667CC80084808A /* VALUNLog.swift */; };
		EB625F3E29667DA80084808A /* LoginRequest.swift in Sources */ = {isa = PBXBuildFile; fileRef = EB625F3D29667DA80084808A /* LoginRequest.swift */; };
		EB625F4029667DBC0084808A /* LoginResponse.swift in Sources */ = {isa = PBXBuildFile; fileRef = EB625F3F29667DBC0084808A /* LoginResponse.swift */; };
		EB625F4229667DCD0084808A /* SignupRequest.swift in Sources */ = {isa = PBXBuildFile; fileRef = EB625F4129667DCD0084808A /* SignupRequest.swift */; };
		EB625F4429667DE30084808A /* SignupResponse.swift in Sources */ = {isa = PBXBuildFile; fileRef = EB625F4329667DE30084808A /* SignupResponse.swift */; };
		EB625F46296688950084808A /* VALUNURL.swift in Sources */ = {isa = PBXBuildFile; fileRef = EB625F45296688950084808A /* VALUNURL.swift */; };
		EB78C6C0295185B10027DD1E /* map_pinup_custom@3x.png in Resources */ = {isa = PBXBuildFile; fileRef = EB78C69B295185B10027DD1E /* map_pinup_custom@3x.png */; };
		EB78C6C1295185B10027DD1E /* map_pin_custom.png in Resources */ = {isa = PBXBuildFile; fileRef = EB78C69C295185B10027DD1E /* map_pin_custom.png */; };
		EB78C6C2295185B10027DD1E /* shadow_balloon.png in Resources */ = {isa = PBXBuildFile; fileRef = EB78C69D295185B10027DD1E /* shadow_balloon.png */; };
		EB78C6C3295185B10027DD1E /* map_pinup.png in Resources */ = {isa = PBXBuildFile; fileRef = EB78C69E295185B10027DD1E /* map_pinup.png */; };
		EB78C6C4295185B10027DD1E /* detail_button.png in Resources */ = {isa = PBXBuildFile; fileRef = EB78C69F295185B10027DD1E /* detail_button.png */; };
		EB78C6C5295185B10027DD1E /* map_pin_custom@3x.png in Resources */ = {isa = PBXBuildFile; fileRef = EB78C6A0295185B10027DD1E /* map_pin_custom@3x.png */; };
		EB78C6C6295185B10027DD1E /* map_pinup@3x.png in Resources */ = {isa = PBXBuildFile; fileRef = EB78C6A1295185B10027DD1E /* map_pinup@3x.png */; };
		EB78C6C7295185B10027DD1E /* map_pin_shadow@3x.png in Resources */ = {isa = PBXBuildFile; fileRef = EB78C6A2295185B10027DD1E /* map_pin_shadow@3x.png */; };
		EB78C6C8295185B10027DD1E /* copyright.png in Resources */ = {isa = PBXBuildFile; fileRef = EB78C6A3295185B10027DD1E /* copyright.png */; };
		EB78C6C9295185B10027DD1E /* th_line.png in Resources */ = {isa = PBXBuildFile; fileRef = EB78C6A4295185B10027DD1E /* th_line.png */; };
		EB78C6CA295185B10027DD1E /* map_pin_red@3x.png in Resources */ = {isa = PBXBuildFile; fileRef = EB78C6A5295185B10027DD1E /* map_pin_red@3x.png */; };
		EB78C6CB295185B10027DD1E /* daum_copyright.png in Resources */ = {isa = PBXBuildFile; fileRef = EB78C6A6295185B10027DD1E /* daum_copyright.png */; };
		EB78C6CC295185B10027DD1E /* map_pin@3x.png in Resources */ = {isa = PBXBuildFile; fileRef = EB78C6A7295185B10027DD1E /* map_pin@3x.png */; };
		EB78C6CD295185B10027DD1E /* map_present_tracking.png in Resources */ = {isa = PBXBuildFile; fileRef = EB78C6A8295185B10027DD1E /* map_present_tracking.png */; };
		EB78C6CE295185B10027DD1E /* map_pin_red.png in Resources */ = {isa = PBXBuildFile; fileRef = EB78C6A9295185B10027DD1E /* map_pin_red.png */; };
		EB78C6CF295185B10027DD1E /* info_box.png in Resources */ = {isa = PBXBuildFile; fileRef = EB78C6B3295185B10027DD1E /* info_box.png */; };
		EB78C6D0295185B10027DD1E /* point_sprite.png in Resources */ = {isa = PBXBuildFile; fileRef = EB78C6B4295185B10027DD1E /* point_sprite.png */; };
		EB78C6D1295185B10027DD1E /* map_pinup_custom.png in Resources */ = {isa = PBXBuildFile; fileRef = EB78C6B5295185B10027DD1E /* map_pinup_custom.png */; };
		EB78C6D2295185B10027DD1E /* info_box_tail.png in Resources */ = {isa = PBXBuildFile; fileRef = EB78C6B6295185B10027DD1E /* info_box_tail.png */; };
		EB78C6D3295185B10027DD1E /* noimage256.png in Resources */ = {isa = PBXBuildFile; fileRef = EB78C6B7295185B10027DD1E /* noimage256.png */; };
		EB78C6D4295185B10027DD1E /* map_present_direction.png in Resources */ = {isa = PBXBuildFile; fileRef = EB78C6B8295185B10027DD1E /* map_present_direction.png */; };
		EB78C6D5295185B10027DD1E /* map_pin.png in Resources */ = {isa = PBXBuildFile; fileRef = EB78C6B9295185B10027DD1E /* map_pin.png */; };
		EB78C6D6295185B10027DD1E /* map_present.png in Resources */ = {isa = PBXBuildFile; fileRef = EB78C6BA295185B10027DD1E /* map_present.png */; };
		EB78C6D7295185B10027DD1E /* noimage.png in Resources */ = {isa = PBXBuildFile; fileRef = EB78C6BB295185B10027DD1E /* noimage.png */; };
		EB78C6D8295185B10027DD1E /* map_present_background_update.png in Resources */ = {isa = PBXBuildFile; fileRef = EB78C6BC295185B10027DD1E /* map_present_background_update.png */; };
		EB78C6D9295185B10027DD1E /* daum_th_line.png in Resources */ = {isa = PBXBuildFile; fileRef = EB78C6BD295185B10027DD1E /* daum_th_line.png */; };
		EB78C6DA295185B10027DD1E /* map_pin_shadow.png in Resources */ = {isa = PBXBuildFile; fileRef = EB78C6BE295185B10027DD1E /* map_pin_shadow.png */; };
		EB78C6DB295185B10027DD1E /* DaumMap.framework in Frameworks */ = {isa = PBXBuildFile; fileRef = EB78C6BF295185B10027DD1E /* DaumMap.framework */; };
		EB78C6DE295185C90027DD1E /* OpenGLES.framework in Frameworks */ = {isa = PBXBuildFile; fileRef = EB78C6DD295185C90027DD1E /* OpenGLES.framework */; };
		EB78C6E0295185D20027DD1E /* SystemConfiguration.framework in Frameworks */ = {isa = PBXBuildFile; fileRef = EB78C6DF295185D20027DD1E /* SystemConfiguration.framework */; };
		EB78C6E2295185DC0027DD1E /* CoreLocation.framework in Frameworks */ = {isa = PBXBuildFile; fileRef = EB78C6E1295185DC0027DD1E /* CoreLocation.framework */; };
		EB78C6E4295185E80027DD1E /* QuartzCore.framework in Frameworks */ = {isa = PBXBuildFile; fileRef = EB78C6E3295185E80027DD1E /* QuartzCore.framework */; };
		EB78C6E6295185FF0027DD1E /* libc++.tbd in Frameworks */ = {isa = PBXBuildFile; fileRef = EB78C6E5295185F80027DD1E /* libc++.tbd */; };
		EB78C6E8295186330027DD1E /* libxml2.tbd in Frameworks */ = {isa = PBXBuildFile; fileRef = EB78C6E7295186270027DD1E /* libxml2.tbd */; };
		EB78C6EA295186460027DD1E /* libsqlite3.tbd in Frameworks */ = {isa = PBXBuildFile; fileRef = EB78C6E92951863D0027DD1E /* libsqlite3.tbd */; };
		EB78C6F12951888A0027DD1E /* Login.storyboard in Resources */ = {isa = PBXBuildFile; fileRef = EB78C6F02951888A0027DD1E /* Login.storyboard */; };
		EB78C6F3295188FD0027DD1E /* LoginViewController.swift in Sources */ = {isa = PBXBuildFile; fileRef = EB78C6F2295188FD0027DD1E /* LoginViewController.swift */; };
		EB85B0FD295C543A00823E87 /* IssueDetailViewController.swift in Sources */ = {isa = PBXBuildFile; fileRef = EB85B0FC295C543A00823E87 /* IssueDetailViewController.swift */; };
		EB96628A29484D5B00040DCD /* AppDelegate.swift in Sources */ = {isa = PBXBuildFile; fileRef = EB96628929484D5B00040DCD /* AppDelegate.swift */; };
		EB96628C29484D5B00040DCD /* SceneDelegate.swift in Sources */ = {isa = PBXBuildFile; fileRef = EB96628B29484D5B00040DCD /* SceneDelegate.swift */; };
		EB96628E29484D5B00040DCD /* MapViewController.swift in Sources */ = {isa = PBXBuildFile; fileRef = EB96628D29484D5B00040DCD /* MapViewController.swift */; };
		EB96629129484D5B00040DCD /* Map.storyboard in Resources */ = {isa = PBXBuildFile; fileRef = EB96628F29484D5B00040DCD /* Map.storyboard */; };
		EB96629329484D5C00040DCD /* Assets.xcassets in Resources */ = {isa = PBXBuildFile; fileRef = EB96629229484D5C00040DCD /* Assets.xcassets */; };
		EB96629629484D5C00040DCD /* LaunchScreen.storyboard in Resources */ = {isa = PBXBuildFile; fileRef = EB96629429484D5C00040DCD /* LaunchScreen.storyboard */; };
		EB9C1CF2296695F200F3F729 /* ErrorData.swift in Sources */ = {isa = PBXBuildFile; fileRef = EB9C1CF1296695F200F3F729 /* ErrorData.swift */; };
		EBACD9CB29586DDD00EF1A5C /* MyProfileViewController.swift in Sources */ = {isa = PBXBuildFile; fileRef = EBACD9CA29586DDD00EF1A5C /* MyProfileViewController.swift */; };
		EBACD9D129586E3800EF1A5C /* IssueReportViewController.swift in Sources */ = {isa = PBXBuildFile; fileRef = EBACD9D029586E3800EF1A5C /* IssueReportViewController.swift */; };
		EBACD9D329586E4B00EF1A5C /* IssueReport.storyboard in Resources */ = {isa = PBXBuildFile; fileRef = EBACD9D229586E4B00EF1A5C /* IssueReport.storyboard */; };
		EBAE6526296FCD2F0026953C /* WithSolution.swift in Sources */ = {isa = PBXBuildFile; fileRef = EBAE6525296FCD2F0026953C /* WithSolution.swift */; };
		EBAE6529296FD4430026953C /* MySolutionIssueResponse.swift in Sources */ = {isa = PBXBuildFile; fileRef = EBAE6528296FD4430026953C /* MySolutionIssueResponse.swift */; };
		EBDAF2F6296EA22000C515A9 /* MyReportIssueResponse.swift in Sources */ = {isa = PBXBuildFile; fileRef = EBDAF2F5296EA22000C515A9 /* MyReportIssueResponse.swift */; };
		EBE2EECF296D1EC400E33C4E /* NearIssueResponse.swift in Sources */ = {isa = PBXBuildFile; fileRef = EBE2EECE296D1EC400E33C4E /* NearIssueResponse.swift */; };
		EBE2EED2296D280E00E33C4E /* ReportIssueCollectionViewCell.swift in Sources */ = {isa = PBXBuildFile; fileRef = EBE2EED1296D280E00E33C4E /* ReportIssueCollectionViewCell.swift */; };
		EBE2EED5296D283600E33C4E /* ReportIssueCollectionViewCell.xib in Resources */ = {isa = PBXBuildFile; fileRef = EBE2EED4296D283600E33C4E /* ReportIssueCollectionViewCell.xib */; };
		EBE2EED8296D293000E33C4E /* CategoryModalViewController.swift in Sources */ = {isa = PBXBuildFile; fileRef = EBE2EED7296D293000E33C4E /* CategoryModalViewController.swift */; };
		EBE33266295BF977001A615B /* FilterCollectionViewCell.swift in Sources */ = {isa = PBXBuildFile; fileRef = EBE33265295BF977001A615B /* FilterCollectionViewCell.swift */; };
		EBE33268295BF9C5001A615B /* FilterCollectionViewCell.xib in Resources */ = {isa = PBXBuildFile; fileRef = EBE33267295BF9C5001A615B /* FilterCollectionViewCell.xib */; };
		EBE67B7E296BAB0200CA38A1 /* RecentIssueCollectionViewCell.xib in Resources */ = {isa = PBXBuildFile; fileRef = EBE67B7D296BAB0200CA38A1 /* RecentIssueCollectionViewCell.xib */; };
		EBE67B81296BAB3500CA38A1 /* RecentIssueCollectionViewCell.swift in Sources */ = {isa = PBXBuildFile; fileRef = EBE67B80296BAB3500CA38A1 /* RecentIssueCollectionViewCell.swift */; };
		EBEAE22829629AF20015BB82 /* IssueResolution.storyboard in Resources */ = {isa = PBXBuildFile; fileRef = EBEAE22729629AF20015BB82 /* IssueResolution.storyboard */; };
		EBEAE22A2962A6370015BB82 /* IssueResolutionViewController.swift in Sources */ = {isa = PBXBuildFile; fileRef = EBEAE2292962A6370015BB82 /* IssueResolutionViewController.swift */; };
		EBEAE22C2962B7D80015BB82 /* IssueValidation.storyboard in Resources */ = {isa = PBXBuildFile; fileRef = EBEAE22B2962B7D80015BB82 /* IssueValidation.storyboard */; };
		EBEAE22E2962B8130015BB82 /* IssueValidationViewController.swift in Sources */ = {isa = PBXBuildFile; fileRef = EBEAE22D2962B8130015BB82 /* IssueValidationViewController.swift */; };
		EBF4C3482955854200936E8D /* Home.storyboard in Resources */ = {isa = PBXBuildFile; fileRef = EBF4C3472955854200936E8D /* Home.storyboard */; };
		EBF4C34A2955858400936E8D /* HomeViewController.swift in Sources */ = {isa = PBXBuildFile; fileRef = EBF4C3492955858400936E8D /* HomeViewController.swift */; };
		EBF4C3522955902700936E8D /* UIViewController+Extension.swift in Sources */ = {isa = PBXBuildFile; fileRef = EBF4C3512955902700936E8D /* UIViewController+Extension.swift */; };
		EBFBA3FA29605F180038F0CE /* Signup.storyboard in Resources */ = {isa = PBXBuildFile; fileRef = EBFBA3F929605F180038F0CE /* Signup.storyboard */; };
		EBFBA3FC29607A9E0038F0CE /* SignupViewController.swift in Sources */ = {isa = PBXBuildFile; fileRef = EBFBA3FB29607A9E0038F0CE /* SignupViewController.swift */; };
/* End PBXBuildFile section */

/* Begin PBXFileReference section */
		50F5DC97A33750D68DF498B2 /* Pods-VALUN.release.xcconfig */ = {isa = PBXFileReference; includeInIndex = 1; lastKnownFileType = text.xcconfig; name = "Pods-VALUN.release.xcconfig"; path = "Target Support Files/Pods-VALUN/Pods-VALUN.release.xcconfig"; sourceTree = "<group>"; };
		8260C6E4A81A06CEFE105FF2 /* Pods_VALUN.framework */ = {isa = PBXFileReference; explicitFileType = wrapper.framework; includeInIndex = 0; path = Pods_VALUN.framework; sourceTree = BUILT_PRODUCTS_DIR; };
		905D43EDF5643BE800197714 /* Pods-VALUN.debug.xcconfig */ = {isa = PBXFileReference; includeInIndex = 1; lastKnownFileType = text.xcconfig; name = "Pods-VALUN.debug.xcconfig"; path = "Target Support Files/Pods-VALUN/Pods-VALUN.debug.xcconfig"; sourceTree = "<group>"; };
		EB043A0B297649F6007E45AC /* AcceptIssueResponse.swift */ = {isa = PBXFileReference; lastKnownFileType = sourcecode.swift; path = AcceptIssueResponse.swift; sourceTree = "<group>"; };
		EB043A0E29764DE0007E45AC /* AcceptIssueRequest.swift */ = {isa = PBXFileReference; lastKnownFileType = sourcecode.swift; path = AcceptIssueRequest.swift; sourceTree = "<group>"; };
		EB0A5279296E92250031B70B /* ResolutionIssueRequest.swift */ = {isa = PBXFileReference; lastKnownFileType = sourcecode.swift; path = ResolutionIssueRequest.swift; sourceTree = "<group>"; };
		EB0A527C296E92370031B70B /* ResolutionIssueResponse.swift */ = {isa = PBXFileReference; lastKnownFileType = sourcecode.swift; path = ResolutionIssueResponse.swift; sourceTree = "<group>"; };
		EB1B3447297014DA00A6CCDE /* OverlapIdRequest.swift */ = {isa = PBXFileReference; lastKnownFileType = sourcecode.swift; path = OverlapIdRequest.swift; sourceTree = "<group>"; };
		EB1B3449297014F900A6CCDE /* OverlapIdResponse.swift */ = {isa = PBXFileReference; lastKnownFileType = sourcecode.swift; path = OverlapIdResponse.swift; sourceTree = "<group>"; };
		EB1B344B2970150A00A6CCDE /* OverlapNickRequest.swift */ = {isa = PBXFileReference; lastKnownFileType = sourcecode.swift; path = OverlapNickRequest.swift; sourceTree = "<group>"; };
		EB1B344D2970151700A6CCDE /* OverlapNickResponse.swift */ = {isa = PBXFileReference; lastKnownFileType = sourcecode.swift; path = OverlapNickResponse.swift; sourceTree = "<group>"; };
		EB1CAE2329656003009425EA /* I_Reported_IssueViewController.swift */ = {isa = PBXFileReference; lastKnownFileType = sourcecode.swift; path = I_Reported_IssueViewController.swift; sourceTree = "<group>"; };
		EB1CAE2529656032009425EA /* I_Reported_IssueTabmanViewController.swift */ = {isa = PBXFileReference; lastKnownFileType = sourcecode.swift; path = I_Reported_IssueTabmanViewController.swift; sourceTree = "<group>"; };
		EB1CAE27296560D6009425EA /* Reported_AllIssueViewController.swift */ = {isa = PBXFileReference; lastKnownFileType = sourcecode.swift; path = Reported_AllIssueViewController.swift; sourceTree = "<group>"; };
		EB1CAE29296560F0009425EA /* Reported_UnresolvedViewController.swift */ = {isa = PBXFileReference; lastKnownFileType = sourcecode.swift; path = Reported_UnresolvedViewController.swift; sourceTree = "<group>"; };
		EB1CAE2B29656108009425EA /* Reported_SolvingViewController.swift */ = {isa = PBXFileReference; lastKnownFileType = sourcecode.swift; path = Reported_SolvingViewController.swift; sourceTree = "<group>"; };
		EB1CAE2D29656125009425EA /* Reported_CompletedViewController.swift */ = {isa = PBXFileReference; lastKnownFileType = sourcecode.swift; path = Reported_CompletedViewController.swift; sourceTree = "<group>"; };
		EB1CAE3029656187009425EA /* I_Solved_IssueViewController.swift */ = {isa = PBXFileReference; lastKnownFileType = sourcecode.swift; path = I_Solved_IssueViewController.swift; sourceTree = "<group>"; };
		EB1CAE3229656197009425EA /* I_Solved_IssueTabmanViewController.swift */ = {isa = PBXFileReference; lastKnownFileType = sourcecode.swift; path = I_Solved_IssueTabmanViewController.swift; sourceTree = "<group>"; };
		EB1CAE3429656206009425EA /* Solved_AllIssueViewController.swift */ = {isa = PBXFileReference; lastKnownFileType = sourcecode.swift; path = Solved_AllIssueViewController.swift; sourceTree = "<group>"; };
		EB1CAE362965623F009425EA /* Solved_SolvingViewController.swift */ = {isa = PBXFileReference; lastKnownFileType = sourcecode.swift; path = Solved_SolvingViewController.swift; sourceTree = "<group>"; };
		EB1CAE382965625E009425EA /* Solved_CompletedViewController.swift */ = {isa = PBXFileReference; lastKnownFileType = sourcecode.swift; path = Solved_CompletedViewController.swift; sourceTree = "<group>"; };
		EB1CAE3C296563D5009425EA /* MyIssueTableViewCell.xib */ = {isa = PBXFileReference; lastKnownFileType = file.xib; path = MyIssueTableViewCell.xib; sourceTree = "<group>"; };
		EB1CAE3F29656615009425EA /* MyIssueTableViewCell.swift */ = {isa = PBXFileReference; lastKnownFileType = sourcecode.swift; path = MyIssueTableViewCell.swift; sourceTree = "<group>"; };
		EB1EA0CA296A845000140622 /* MyProfileResponse.swift */ = {isa = PBXFileReference; lastKnownFileType = sourcecode.swift; path = MyProfileResponse.swift; sourceTree = "<group>"; };
		EB1EA0CC296AB16D00140622 /* RecentIssueResponse.swift */ = {isa = PBXFileReference; lastKnownFileType = sourcecode.swift; path = RecentIssueResponse.swift; sourceTree = "<group>"; };
		EB1EA0CE296AB1AA00140622 /* Issue.swift */ = {isa = PBXFileReference; lastKnownFileType = sourcecode.swift; path = Issue.swift; sourceTree = "<group>"; };
		EB1EA0D1296AC14500140622 /* ReportIssueRequest.swift */ = {isa = PBXFileReference; lastKnownFileType = sourcecode.swift; path = ReportIssueRequest.swift; sourceTree = "<group>"; };
		EB1EA0D3296AC15300140622 /* ReportIssueResponse.swift */ = {isa = PBXFileReference; lastKnownFileType = sourcecode.swift; path = ReportIssueResponse.swift; sourceTree = "<group>"; };
		EB26483C295AA5CC0014BC89 /* SUIT-Thin.otf */ = {isa = PBXFileReference; lastKnownFileType = file; path = "SUIT-Thin.otf"; sourceTree = "<group>"; };
		EB26483D295AA5CC0014BC89 /* SUIT-Regular.otf */ = {isa = PBXFileReference; lastKnownFileType = file; path = "SUIT-Regular.otf"; sourceTree = "<group>"; };
		EB26483E295AA5CC0014BC89 /* LICENSE */ = {isa = PBXFileReference; fileEncoding = 4; lastKnownFileType = text; path = LICENSE; sourceTree = "<group>"; };
		EB26483F295AA5CC0014BC89 /* SUIT-Heavy.otf */ = {isa = PBXFileReference; lastKnownFileType = file; path = "SUIT-Heavy.otf"; sourceTree = "<group>"; };
		EB264840295AA5CC0014BC89 /* SUIT-Bold.otf */ = {isa = PBXFileReference; lastKnownFileType = file; path = "SUIT-Bold.otf"; sourceTree = "<group>"; };
		EB264841295AA5CC0014BC89 /* SUIT-Light.otf */ = {isa = PBXFileReference; lastKnownFileType = file; path = "SUIT-Light.otf"; sourceTree = "<group>"; };
		EB264842295AA5CC0014BC89 /* SUIT-ExtraLight.otf */ = {isa = PBXFileReference; lastKnownFileType = file; path = "SUIT-ExtraLight.otf"; sourceTree = "<group>"; };
		EB264843295AA5CC0014BC89 /* SUIT-SemiBold.otf */ = {isa = PBXFileReference; lastKnownFileType = file; path = "SUIT-SemiBold.otf"; sourceTree = "<group>"; };
		EB264844295AA5CC0014BC89 /* SUIT-Medium.otf */ = {isa = PBXFileReference; lastKnownFileType = file; path = "SUIT-Medium.otf"; sourceTree = "<group>"; };
		EB264845295AA5CC0014BC89 /* SUIT-ExtraBold.otf */ = {isa = PBXFileReference; lastKnownFileType = file; path = "SUIT-ExtraBold.otf"; sourceTree = "<group>"; };
		EB264850295AB9130014BC89 /* ListTableViewCell.xib */ = {isa = PBXFileReference; lastKnownFileType = file.xib; path = ListTableViewCell.xib; sourceTree = "<group>"; };
		EB264852295AB95A0014BC89 /* ListTableViewCell.swift */ = {isa = PBXFileReference; lastKnownFileType = sourcecode.swift; path = ListTableViewCell.swift; sourceTree = "<group>"; };
		EB27564B2963F7D800BC8073 /* RejectedModalViewController.swift */ = {isa = PBXFileReference; lastKnownFileType = sourcecode.swift; path = RejectedModalViewController.swift; sourceTree = "<group>"; };
		EB27564D2963FC6400BC8073 /* I_Reported_Issue.storyboard */ = {isa = PBXFileReference; lastKnownFileType = file.storyboard; path = I_Reported_Issue.storyboard; sourceTree = "<group>"; };
		EB27564F2963FC8E00BC8073 /* I_Solved_Issue.storyboard */ = {isa = PBXFileReference; lastKnownFileType = file.storyboard; path = I_Solved_Issue.storyboard; sourceTree = "<group>"; };
		EB2A68C429570BF400A85299 /* MyProfile.storyboard */ = {isa = PBXFileReference; lastKnownFileType = file.storyboard; path = MyProfile.storyboard; sourceTree = "<group>"; };
		EB4E8522295C07DE00986888 /* Pretendard-Medium.ttf */ = {isa = PBXFileReference; lastKnownFileType = file; path = "Pretendard-Medium.ttf"; sourceTree = "<group>"; };
		EB4E8523295C07DE00986888 /* Pretendard-Black.ttf */ = {isa = PBXFileReference; lastKnownFileType = file; path = "Pretendard-Black.ttf"; sourceTree = "<group>"; };
		EB4E8524295C07DE00986888 /* Pretendard-Regular.ttf */ = {isa = PBXFileReference; lastKnownFileType = file; path = "Pretendard-Regular.ttf"; sourceTree = "<group>"; };
		EB4E8525295C07DE00986888 /* Pretendard-Thin.ttf */ = {isa = PBXFileReference; lastKnownFileType = file; path = "Pretendard-Thin.ttf"; sourceTree = "<group>"; };
		EB4E8526295C07DE00986888 /* Pretendard-ExtraLight.ttf */ = {isa = PBXFileReference; lastKnownFileType = file; path = "Pretendard-ExtraLight.ttf"; sourceTree = "<group>"; };
		EB4E8527295C07DE00986888 /* Pretendard-SemiBold.ttf */ = {isa = PBXFileReference; lastKnownFileType = file; path = "Pretendard-SemiBold.ttf"; sourceTree = "<group>"; };
		EB4E8528295C07DE00986888 /* Pretendard-ExtraBold.ttf */ = {isa = PBXFileReference; lastKnownFileType = file; path = "Pretendard-ExtraBold.ttf"; sourceTree = "<group>"; };
		EB4E8529295C07DE00986888 /* Pretendard-Bold.ttf */ = {isa = PBXFileReference; lastKnownFileType = file; path = "Pretendard-Bold.ttf"; sourceTree = "<group>"; };
		EB4E852A295C07DE00986888 /* Pretendard-Light.ttf */ = {isa = PBXFileReference; lastKnownFileType = file; path = "Pretendard-Light.ttf"; sourceTree = "<group>"; };
		EB4E852B295C07DE00986888 /* Pretendard-Regular.otf */ = {isa = PBXFileReference; lastKnownFileType = file; path = "Pretendard-Regular.otf"; sourceTree = "<group>"; };
		EB4E852C295C07DE00986888 /* Pretendard-Black.otf */ = {isa = PBXFileReference; lastKnownFileType = file; path = "Pretendard-Black.otf"; sourceTree = "<group>"; };
		EB4E852D295C07DE00986888 /* Pretendard-Medium.otf */ = {isa = PBXFileReference; lastKnownFileType = file; path = "Pretendard-Medium.otf"; sourceTree = "<group>"; };
		EB4E852E295C07DE00986888 /* Pretendard-Light.otf */ = {isa = PBXFileReference; lastKnownFileType = file; path = "Pretendard-Light.otf"; sourceTree = "<group>"; };
		EB4E852F295C07DE00986888 /* Pretendard-ExtraBold.otf */ = {isa = PBXFileReference; lastKnownFileType = file; path = "Pretendard-ExtraBold.otf"; sourceTree = "<group>"; };
		EB4E8530295C07DE00986888 /* Pretendard-Bold.otf */ = {isa = PBXFileReference; lastKnownFileType = file; path = "Pretendard-Bold.otf"; sourceTree = "<group>"; };
		EB4E8531295C07DE00986888 /* Pretendard-Thin.otf */ = {isa = PBXFileReference; lastKnownFileType = file; path = "Pretendard-Thin.otf"; sourceTree = "<group>"; };
		EB4E8532295C07DE00986888 /* Pretendard-ExtraLight.otf */ = {isa = PBXFileReference; lastKnownFileType = file; path = "Pretendard-ExtraLight.otf"; sourceTree = "<group>"; };
		EB4E8533295C07DE00986888 /* Pretendard-SemiBold.otf */ = {isa = PBXFileReference; lastKnownFileType = file; path = "Pretendard-SemiBold.otf"; sourceTree = "<group>"; };
		EB4E8546295C09BC00986888 /* IssueDetail.storyboard */ = {isa = PBXFileReference; lastKnownFileType = file.storyboard; path = IssueDetail.storyboard; sourceTree = "<group>"; };
		EB61517E2965AC97008B743C /* ProfileNickChangeModalViewController.swift */ = {isa = PBXFileReference; lastKnownFileType = sourcecode.swift; path = ProfileNickChangeModalViewController.swift; sourceTree = "<group>"; };
		EB6151802965ACB6008B743C /* PwChangeModalViewController.swift */ = {isa = PBXFileReference; lastKnownFileType = sourcecode.swift; path = PwChangeModalViewController.swift; sourceTree = "<group>"; };
		EB625F3A29667CC80084808A /* VALUNLog.swift */ = {isa = PBXFileReference; lastKnownFileType = sourcecode.swift; path = VALUNLog.swift; sourceTree = "<group>"; };
		EB625F3D29667DA80084808A /* LoginRequest.swift */ = {isa = PBXFileReference; lastKnownFileType = sourcecode.swift; path = LoginRequest.swift; sourceTree = "<group>"; };
		EB625F3F29667DBC0084808A /* LoginResponse.swift */ = {isa = PBXFileReference; lastKnownFileType = sourcecode.swift; path = LoginResponse.swift; sourceTree = "<group>"; };
		EB625F4129667DCD0084808A /* SignupRequest.swift */ = {isa = PBXFileReference; lastKnownFileType = sourcecode.swift; path = SignupRequest.swift; sourceTree = "<group>"; };
		EB625F4329667DE30084808A /* SignupResponse.swift */ = {isa = PBXFileReference; lastKnownFileType = sourcecode.swift; path = SignupResponse.swift; sourceTree = "<group>"; };
		EB625F45296688950084808A /* VALUNURL.swift */ = {isa = PBXFileReference; lastKnownFileType = sourcecode.swift; path = VALUNURL.swift; sourceTree = "<group>"; };
		EB78C696295184650027DD1E /* VALUN-Header.h */ = {isa = PBXFileReference; lastKnownFileType = sourcecode.c.h; path = "VALUN-Header.h"; sourceTree = "<group>"; };
		EB78C69B295185B10027DD1E /* map_pinup_custom@3x.png */ = {isa = PBXFileReference; lastKnownFileType = image.png; path = "map_pinup_custom@3x.png"; sourceTree = "<group>"; };
		EB78C69C295185B10027DD1E /* map_pin_custom.png */ = {isa = PBXFileReference; lastKnownFileType = image.png; path = map_pin_custom.png; sourceTree = "<group>"; };
		EB78C69D295185B10027DD1E /* shadow_balloon.png */ = {isa = PBXFileReference; lastKnownFileType = image.png; path = shadow_balloon.png; sourceTree = "<group>"; };
		EB78C69E295185B10027DD1E /* map_pinup.png */ = {isa = PBXFileReference; lastKnownFileType = image.png; path = map_pinup.png; sourceTree = "<group>"; };
		EB78C69F295185B10027DD1E /* detail_button.png */ = {isa = PBXFileReference; lastKnownFileType = image.png; path = detail_button.png; sourceTree = "<group>"; };
		EB78C6A0295185B10027DD1E /* map_pin_custom@3x.png */ = {isa = PBXFileReference; lastKnownFileType = image.png; path = "map_pin_custom@3x.png"; sourceTree = "<group>"; };
		EB78C6A1295185B10027DD1E /* map_pinup@3x.png */ = {isa = PBXFileReference; lastKnownFileType = image.png; path = "map_pinup@3x.png"; sourceTree = "<group>"; };
		EB78C6A2295185B10027DD1E /* map_pin_shadow@3x.png */ = {isa = PBXFileReference; lastKnownFileType = image.png; path = "map_pin_shadow@3x.png"; sourceTree = "<group>"; };
		EB78C6A3295185B10027DD1E /* copyright.png */ = {isa = PBXFileReference; lastKnownFileType = image.png; path = copyright.png; sourceTree = "<group>"; };
		EB78C6A4295185B10027DD1E /* th_line.png */ = {isa = PBXFileReference; lastKnownFileType = image.png; path = th_line.png; sourceTree = "<group>"; };
		EB78C6A5295185B10027DD1E /* map_pin_red@3x.png */ = {isa = PBXFileReference; lastKnownFileType = image.png; path = "map_pin_red@3x.png"; sourceTree = "<group>"; };
		EB78C6A6295185B10027DD1E /* daum_copyright.png */ = {isa = PBXFileReference; lastKnownFileType = image.png; path = daum_copyright.png; sourceTree = "<group>"; };
		EB78C6A7295185B10027DD1E /* map_pin@3x.png */ = {isa = PBXFileReference; lastKnownFileType = image.png; path = "map_pin@3x.png"; sourceTree = "<group>"; };
		EB78C6A8295185B10027DD1E /* map_present_tracking.png */ = {isa = PBXFileReference; lastKnownFileType = image.png; path = map_present_tracking.png; sourceTree = "<group>"; };
		EB78C6A9295185B10027DD1E /* map_pin_red.png */ = {isa = PBXFileReference; lastKnownFileType = image.png; path = map_pin_red.png; sourceTree = "<group>"; };
		EB78C6AB295185B10027DD1E /* MTMapPOIItem.h */ = {isa = PBXFileReference; fileEncoding = 4; lastKnownFileType = sourcecode.c.h; path = MTMapPOIItem.h; sourceTree = "<group>"; };
		EB78C6AC295185B10027DD1E /* MTMapCameraUpdate.h */ = {isa = PBXFileReference; fileEncoding = 4; lastKnownFileType = sourcecode.c.h; path = MTMapCameraUpdate.h; sourceTree = "<group>"; };
		EB78C6AD295185B10027DD1E /* MTMapReverseGeoCoder.h */ = {isa = PBXFileReference; fileEncoding = 4; lastKnownFileType = sourcecode.c.h; path = MTMapReverseGeoCoder.h; sourceTree = "<group>"; };
		EB78C6AE295185B10027DD1E /* MTMapPolyline.h */ = {isa = PBXFileReference; fileEncoding = 4; lastKnownFileType = sourcecode.c.h; path = MTMapPolyline.h; sourceTree = "<group>"; };
		EB78C6AF295185B10027DD1E /* MTMapLocationMarkerItem.h */ = {isa = PBXFileReference; fileEncoding = 4; lastKnownFileType = sourcecode.c.h; path = MTMapLocationMarkerItem.h; sourceTree = "<group>"; };
		EB78C6B0295185B10027DD1E /* MTMapView.h */ = {isa = PBXFileReference; fileEncoding = 4; lastKnownFileType = sourcecode.c.h; path = MTMapView.h; sourceTree = "<group>"; };
		EB78C6B1295185B10027DD1E /* MTMapGeometry.h */ = {isa = PBXFileReference; fileEncoding = 4; lastKnownFileType = sourcecode.c.h; path = MTMapGeometry.h; sourceTree = "<group>"; };
		EB78C6B2295185B10027DD1E /* MTMapCircle.h */ = {isa = PBXFileReference; fileEncoding = 4; lastKnownFileType = sourcecode.c.h; path = MTMapCircle.h; sourceTree = "<group>"; };
		EB78C6B3295185B10027DD1E /* info_box.png */ = {isa = PBXFileReference; lastKnownFileType = image.png; path = info_box.png; sourceTree = "<group>"; };
		EB78C6B4295185B10027DD1E /* point_sprite.png */ = {isa = PBXFileReference; lastKnownFileType = image.png; path = point_sprite.png; sourceTree = "<group>"; };
		EB78C6B5295185B10027DD1E /* map_pinup_custom.png */ = {isa = PBXFileReference; lastKnownFileType = image.png; path = map_pinup_custom.png; sourceTree = "<group>"; };
		EB78C6B6295185B10027DD1E /* info_box_tail.png */ = {isa = PBXFileReference; lastKnownFileType = image.png; path = info_box_tail.png; sourceTree = "<group>"; };
		EB78C6B7295185B10027DD1E /* noimage256.png */ = {isa = PBXFileReference; lastKnownFileType = image.png; path = noimage256.png; sourceTree = "<group>"; };
		EB78C6B8295185B10027DD1E /* map_present_direction.png */ = {isa = PBXFileReference; lastKnownFileType = image.png; path = map_present_direction.png; sourceTree = "<group>"; };
		EB78C6B9295185B10027DD1E /* map_pin.png */ = {isa = PBXFileReference; lastKnownFileType = image.png; path = map_pin.png; sourceTree = "<group>"; };
		EB78C6BA295185B10027DD1E /* map_present.png */ = {isa = PBXFileReference; lastKnownFileType = image.png; path = map_present.png; sourceTree = "<group>"; };
		EB78C6BB295185B10027DD1E /* noimage.png */ = {isa = PBXFileReference; lastKnownFileType = image.png; path = noimage.png; sourceTree = "<group>"; };
		EB78C6BC295185B10027DD1E /* map_present_background_update.png */ = {isa = PBXFileReference; lastKnownFileType = image.png; path = map_present_background_update.png; sourceTree = "<group>"; };
		EB78C6BD295185B10027DD1E /* daum_th_line.png */ = {isa = PBXFileReference; lastKnownFileType = image.png; path = daum_th_line.png; sourceTree = "<group>"; };
		EB78C6BE295185B10027DD1E /* map_pin_shadow.png */ = {isa = PBXFileReference; lastKnownFileType = image.png; path = map_pin_shadow.png; sourceTree = "<group>"; };
		EB78C6BF295185B10027DD1E /* DaumMap.framework */ = {isa = PBXFileReference; lastKnownFileType = wrapper.framework; path = DaumMap.framework; sourceTree = "<group>"; };
		EB78C6DD295185C90027DD1E /* OpenGLES.framework */ = {isa = PBXFileReference; lastKnownFileType = wrapper.framework; name = OpenGLES.framework; path = System/Library/Frameworks/OpenGLES.framework; sourceTree = SDKROOT; };
		EB78C6DF295185D20027DD1E /* SystemConfiguration.framework */ = {isa = PBXFileReference; lastKnownFileType = wrapper.framework; name = SystemConfiguration.framework; path = System/Library/Frameworks/SystemConfiguration.framework; sourceTree = SDKROOT; };
		EB78C6E1295185DC0027DD1E /* CoreLocation.framework */ = {isa = PBXFileReference; lastKnownFileType = wrapper.framework; name = CoreLocation.framework; path = System/Library/Frameworks/CoreLocation.framework; sourceTree = SDKROOT; };
		EB78C6E3295185E80027DD1E /* QuartzCore.framework */ = {isa = PBXFileReference; lastKnownFileType = wrapper.framework; name = QuartzCore.framework; path = System/Library/Frameworks/QuartzCore.framework; sourceTree = SDKROOT; };
		EB78C6E5295185F80027DD1E /* libc++.tbd */ = {isa = PBXFileReference; lastKnownFileType = "sourcecode.text-based-dylib-definition"; name = "libc++.tbd"; path = "usr/lib/libc++.tbd"; sourceTree = SDKROOT; };
		EB78C6E7295186270027DD1E /* libxml2.tbd */ = {isa = PBXFileReference; lastKnownFileType = "sourcecode.text-based-dylib-definition"; name = libxml2.tbd; path = usr/lib/libxml2.tbd; sourceTree = SDKROOT; };
		EB78C6E92951863D0027DD1E /* libsqlite3.tbd */ = {isa = PBXFileReference; lastKnownFileType = "sourcecode.text-based-dylib-definition"; name = libsqlite3.tbd; path = usr/lib/libsqlite3.tbd; sourceTree = SDKROOT; };
		EB78C6F02951888A0027DD1E /* Login.storyboard */ = {isa = PBXFileReference; lastKnownFileType = file.storyboard; path = Login.storyboard; sourceTree = "<group>"; };
		EB78C6F2295188FD0027DD1E /* LoginViewController.swift */ = {isa = PBXFileReference; lastKnownFileType = sourcecode.swift; path = LoginViewController.swift; sourceTree = "<group>"; };
		EB85B0FC295C543A00823E87 /* IssueDetailViewController.swift */ = {isa = PBXFileReference; lastKnownFileType = sourcecode.swift; path = IssueDetailViewController.swift; sourceTree = "<group>"; };
		EB96628629484D5B00040DCD /* VALUN.app */ = {isa = PBXFileReference; explicitFileType = wrapper.application; includeInIndex = 0; path = VALUN.app; sourceTree = BUILT_PRODUCTS_DIR; };
		EB96628929484D5B00040DCD /* AppDelegate.swift */ = {isa = PBXFileReference; lastKnownFileType = sourcecode.swift; path = AppDelegate.swift; sourceTree = "<group>"; };
		EB96628B29484D5B00040DCD /* SceneDelegate.swift */ = {isa = PBXFileReference; lastKnownFileType = sourcecode.swift; path = SceneDelegate.swift; sourceTree = "<group>"; };
		EB96628D29484D5B00040DCD /* MapViewController.swift */ = {isa = PBXFileReference; lastKnownFileType = sourcecode.swift; path = MapViewController.swift; sourceTree = "<group>"; };
		EB96629029484D5B00040DCD /* Base */ = {isa = PBXFileReference; lastKnownFileType = file.storyboard; name = Base; path = Base.lproj/Map.storyboard; sourceTree = "<group>"; };
		EB96629229484D5C00040DCD /* Assets.xcassets */ = {isa = PBXFileReference; lastKnownFileType = folder.assetcatalog; path = Assets.xcassets; sourceTree = "<group>"; };
		EB96629529484D5C00040DCD /* Base */ = {isa = PBXFileReference; lastKnownFileType = file.storyboard; name = Base; path = Base.lproj/LaunchScreen.storyboard; sourceTree = "<group>"; };
		EB96629729484D5C00040DCD /* Info.plist */ = {isa = PBXFileReference; lastKnownFileType = text.plist.xml; path = Info.plist; sourceTree = "<group>"; };
		EB9C1CF1296695F200F3F729 /* ErrorData.swift */ = {isa = PBXFileReference; lastKnownFileType = sourcecode.swift; path = ErrorData.swift; sourceTree = "<group>"; };
		EBACD9CA29586DDD00EF1A5C /* MyProfileViewController.swift */ = {isa = PBXFileReference; lastKnownFileType = sourcecode.swift; path = MyProfileViewController.swift; sourceTree = "<group>"; };
		EBACD9D029586E3800EF1A5C /* IssueReportViewController.swift */ = {isa = PBXFileReference; lastKnownFileType = sourcecode.swift; path = IssueReportViewController.swift; sourceTree = "<group>"; };
		EBACD9D229586E4B00EF1A5C /* IssueReport.storyboard */ = {isa = PBXFileReference; lastKnownFileType = file.storyboard; path = IssueReport.storyboard; sourceTree = "<group>"; };
		EBAE6525296FCD2F0026953C /* WithSolution.swift */ = {isa = PBXFileReference; lastKnownFileType = sourcecode.swift; path = WithSolution.swift; sourceTree = "<group>"; };
		EBAE6528296FD4430026953C /* MySolutionIssueResponse.swift */ = {isa = PBXFileReference; lastKnownFileType = sourcecode.swift; path = MySolutionIssueResponse.swift; sourceTree = "<group>"; };
		EBDAF2F5296EA22000C515A9 /* MyReportIssueResponse.swift */ = {isa = PBXFileReference; lastKnownFileType = sourcecode.swift; path = MyReportIssueResponse.swift; sourceTree = "<group>"; };
		EBE2EECE296D1EC400E33C4E /* NearIssueResponse.swift */ = {isa = PBXFileReference; lastKnownFileType = sourcecode.swift; path = NearIssueResponse.swift; sourceTree = "<group>"; };
		EBE2EED1296D280E00E33C4E /* ReportIssueCollectionViewCell.swift */ = {isa = PBXFileReference; lastKnownFileType = sourcecode.swift; path = ReportIssueCollectionViewCell.swift; sourceTree = "<group>"; };
		EBE2EED4296D283600E33C4E /* ReportIssueCollectionViewCell.xib */ = {isa = PBXFileReference; lastKnownFileType = file.xib; path = ReportIssueCollectionViewCell.xib; sourceTree = "<group>"; };
		EBE2EED7296D293000E33C4E /* CategoryModalViewController.swift */ = {isa = PBXFileReference; lastKnownFileType = sourcecode.swift; path = CategoryModalViewController.swift; sourceTree = "<group>"; };
		EBE33265295BF977001A615B /* FilterCollectionViewCell.swift */ = {isa = PBXFileReference; lastKnownFileType = sourcecode.swift; path = FilterCollectionViewCell.swift; sourceTree = "<group>"; };
		EBE33267295BF9C5001A615B /* FilterCollectionViewCell.xib */ = {isa = PBXFileReference; lastKnownFileType = file.xib; path = FilterCollectionViewCell.xib; sourceTree = "<group>"; };
		EBE67B7D296BAB0200CA38A1 /* RecentIssueCollectionViewCell.xib */ = {isa = PBXFileReference; lastKnownFileType = file.xib; path = RecentIssueCollectionViewCell.xib; sourceTree = "<group>"; };
		EBE67B80296BAB3500CA38A1 /* RecentIssueCollectionViewCell.swift */ = {isa = PBXFileReference; lastKnownFileType = sourcecode.swift; path = RecentIssueCollectionViewCell.swift; sourceTree = "<group>"; };
		EBEAE22729629AF20015BB82 /* IssueResolution.storyboard */ = {isa = PBXFileReference; lastKnownFileType = file.storyboard; path = IssueResolution.storyboard; sourceTree = "<group>"; };
		EBEAE2292962A6370015BB82 /* IssueResolutionViewController.swift */ = {isa = PBXFileReference; lastKnownFileType = sourcecode.swift; path = IssueResolutionViewController.swift; sourceTree = "<group>"; };
		EBEAE22B2962B7D80015BB82 /* IssueValidation.storyboard */ = {isa = PBXFileReference; lastKnownFileType = file.storyboard; path = IssueValidation.storyboard; sourceTree = "<group>"; };
		EBEAE22D2962B8130015BB82 /* IssueValidationViewController.swift */ = {isa = PBXFileReference; lastKnownFileType = sourcecode.swift; path = IssueValidationViewController.swift; sourceTree = "<group>"; };
		EBF4C3472955854200936E8D /* Home.storyboard */ = {isa = PBXFileReference; lastKnownFileType = file.storyboard; path = Home.storyboard; sourceTree = "<group>"; };
		EBF4C3492955858400936E8D /* HomeViewController.swift */ = {isa = PBXFileReference; lastKnownFileType = sourcecode.swift; path = HomeViewController.swift; sourceTree = "<group>"; };
		EBF4C3512955902700936E8D /* UIViewController+Extension.swift */ = {isa = PBXFileReference; lastKnownFileType = sourcecode.swift; path = "UIViewController+Extension.swift"; sourceTree = "<group>"; };
		EBFBA3F929605F180038F0CE /* Signup.storyboard */ = {isa = PBXFileReference; lastKnownFileType = file.storyboard; path = Signup.storyboard; sourceTree = "<group>"; };
		EBFBA3FB29607A9E0038F0CE /* SignupViewController.swift */ = {isa = PBXFileReference; lastKnownFileType = sourcecode.swift; path = SignupViewController.swift; sourceTree = "<group>"; };
/* End PBXFileReference section */

/* Begin PBXFrameworksBuildPhase section */
		EB96628329484D5B00040DCD /* Frameworks */ = {
			isa = PBXFrameworksBuildPhase;
			buildActionMask = 2147483647;
			files = (
				EB78C6E6295185FF0027DD1E /* libc++.tbd in Frameworks */,
				EB78C6E4295185E80027DD1E /* QuartzCore.framework in Frameworks */,
				EB78C6EA295186460027DD1E /* libsqlite3.tbd in Frameworks */,
				EB78C6E2295185DC0027DD1E /* CoreLocation.framework in Frameworks */,
				EB78C6E8295186330027DD1E /* libxml2.tbd in Frameworks */,
				EB78C6DB295185B10027DD1E /* DaumMap.framework in Frameworks */,
				EB78C6E0295185D20027DD1E /* SystemConfiguration.framework in Frameworks */,
				EB78C6DE295185C90027DD1E /* OpenGLES.framework in Frameworks */,
				68A76CAEA9DF78B9FDDDFC98 /* Pods_VALUN.framework in Frameworks */,
			);
			runOnlyForDeploymentPostprocessing = 0;
		};
/* End PBXFrameworksBuildPhase section */

/* Begin PBXGroup section */
		96E807CB05C35EBF144A41FA /* Pods */ = {
			isa = PBXGroup;
			children = (
				905D43EDF5643BE800197714 /* Pods-VALUN.debug.xcconfig */,
				50F5DC97A33750D68DF498B2 /* Pods-VALUN.release.xcconfig */,
			);
			path = Pods;
			sourceTree = "<group>";
		};
		EB043A0D29764DC8007E45AC /* AcceptIssue */ = {
			isa = PBXGroup;
			children = (
				EB043A0B297649F6007E45AC /* AcceptIssueResponse.swift */,
				EB043A0E29764DE0007E45AC /* AcceptIssueRequest.swift */,
			);
			path = AcceptIssue;
			sourceTree = "<group>";
		};
		EB0A5278296E91EF0031B70B /* Issue */ = {
			isa = PBXGroup;
			children = (
				EB0A5279296E92250031B70B /* ResolutionIssueRequest.swift */,
				EB0A527C296E92370031B70B /* ResolutionIssueResponse.swift */,
			);
			path = Issue;
			sourceTree = "<group>";
		};
		EB1B3446297014B000A6CCDE /* Overlap */ = {
			isa = PBXGroup;
			children = (
				EB1B3447297014DA00A6CCDE /* OverlapIdRequest.swift */,
				EB1B3449297014F900A6CCDE /* OverlapIdResponse.swift */,
				EB1B344B2970150A00A6CCDE /* OverlapNickRequest.swift */,
				EB1B344D2970151700A6CCDE /* OverlapNickResponse.swift */,
			);
			path = Overlap;
			sourceTree = "<group>";
		};
		EB1CAE2229655FF0009425EA /* I_Reported_Issue */ = {
			isa = PBXGroup;
			children = (
				EB1CAE2329656003009425EA /* I_Reported_IssueViewController.swift */,
				EB1CAE2529656032009425EA /* I_Reported_IssueTabmanViewController.swift */,
				EB1CAE27296560D6009425EA /* Reported_AllIssueViewController.swift */,
				EB1CAE29296560F0009425EA /* Reported_UnresolvedViewController.swift */,
				EB1CAE2B29656108009425EA /* Reported_SolvingViewController.swift */,
				EB1CAE2D29656125009425EA /* Reported_CompletedViewController.swift */,
			);
			path = I_Reported_Issue;
			sourceTree = "<group>";
		};
		EB1CAE2F2965614A009425EA /* I_Solved_Issue */ = {
			isa = PBXGroup;
			children = (
				EB1CAE3029656187009425EA /* I_Solved_IssueViewController.swift */,
				EB1CAE3229656197009425EA /* I_Solved_IssueTabmanViewController.swift */,
				EB1CAE3429656206009425EA /* Solved_AllIssueViewController.swift */,
				EB1CAE362965623F009425EA /* Solved_SolvingViewController.swift */,
				EB1CAE382965625E009425EA /* Solved_CompletedViewController.swift */,
			);
			path = I_Solved_Issue;
			sourceTree = "<group>";
		};
		EB1CAE3A296563AA009425EA /* Cell */ = {
			isa = PBXGroup;
			children = (
				EB264850295AB9130014BC89 /* ListTableViewCell.xib */,
				EBE33267295BF9C5001A615B /* FilterCollectionViewCell.xib */,
			);
			path = Cell;
			sourceTree = "<group>";
		};
		EB1CAE3B296563B7009425EA /* Cell */ = {
			isa = PBXGroup;
			children = (
				EB1CAE3C296563D5009425EA /* MyIssueTableViewCell.xib */,
			);
			path = Cell;
			sourceTree = "<group>";
		};
		EB1CAE3E296565F8009425EA /* Cell */ = {
			isa = PBXGroup;
			children = (
				EB1CAE3F29656615009425EA /* MyIssueTableViewCell.swift */,
			);
			path = Cell;
			sourceTree = "<group>";
		};
		EB1EA0C8296A83ED00140622 /* Home */ = {
			isa = PBXGroup;
			children = (
				EB1EA0CC296AB16D00140622 /* RecentIssueResponse.swift */,
				EBE2EECD296D1EA400E33C4E /* Map */,
				EB1EA0D0296AC12600140622 /* ReportIssue */,
				EB0A5278296E91EF0031B70B /* Issue */,
				EB1EA0C9296A83FC00140622 /* MyProfile */,
			);
			path = Home;
			sourceTree = "<group>";
		};
		EB1EA0C9296A83FC00140622 /* MyProfile */ = {
			isa = PBXGroup;
			children = (
				EB043A0D29764DC8007E45AC /* AcceptIssue */,
				EBAE6527296FD41C0026953C /* MySolutionIssue */,
				EBDAF2F4296EA18400C515A9 /* MyReportIssue */,
				EB1EA0CA296A845000140622 /* MyProfileResponse.swift */,
			);
			path = MyProfile;
			sourceTree = "<group>";
		};
		EB1EA0D0296AC12600140622 /* ReportIssue */ = {
			isa = PBXGroup;
			children = (
				EB1EA0D1296AC14500140622 /* ReportIssueRequest.swift */,
				EB1EA0D3296AC15300140622 /* ReportIssueResponse.swift */,
			);
			path = ReportIssue;
			sourceTree = "<group>";
		};
		EB26483A295AA5A90014BC89 /* Font */ = {
			isa = PBXGroup;
			children = (
				EB4E8520295C07DE00986888 /* Pretendard */,
				EB26483B295AA5CC0014BC89 /* SUIT-otf */,
			);
			path = Font;
			sourceTree = "<group>";
		};
		EB26483B295AA5CC0014BC89 /* SUIT-otf */ = {
			isa = PBXGroup;
			children = (
				EB26483C295AA5CC0014BC89 /* SUIT-Thin.otf */,
				EB26483D295AA5CC0014BC89 /* SUIT-Regular.otf */,
				EB26483E295AA5CC0014BC89 /* LICENSE */,
				EB26483F295AA5CC0014BC89 /* SUIT-Heavy.otf */,
				EB264840295AA5CC0014BC89 /* SUIT-Bold.otf */,
				EB264841295AA5CC0014BC89 /* SUIT-Light.otf */,
				EB264842295AA5CC0014BC89 /* SUIT-ExtraLight.otf */,
				EB264843295AA5CC0014BC89 /* SUIT-SemiBold.otf */,
				EB264844295AA5CC0014BC89 /* SUIT-Medium.otf */,
				EB264845295AA5CC0014BC89 /* SUIT-ExtraBold.otf */,
			);
			name = "SUIT-otf";
			path = "../../../../../../Downloads/SUIT-otf";
			sourceTree = "<group>";
		};
		EB2A68C0295709FA00A85299 /* Issue */ = {
			isa = PBXGroup;
			children = (
				EBE2EED0296D27F500E33C4E /* Cell */,
				EBE2EED6296D290600E33C4E /* Report */,
				EB85B0FC295C543A00823E87 /* IssueDetailViewController.swift */,
				EBEAE2292962A6370015BB82 /* IssueResolutionViewController.swift */,
				EBEAE22D2962B8130015BB82 /* IssueValidationViewController.swift */,
				EB27564B2963F7D800BC8073 /* RejectedModalViewController.swift */,
			);
			path = Issue;
			sourceTree = "<group>";
		};
		EB2A68C129570A0B00A85299 /* MyProfile */ = {
			isa = PBXGroup;
			children = (
				EBACD9CA29586DDD00EF1A5C /* MyProfileViewController.swift */,
				EB61517E2965AC97008B743C /* ProfileNickChangeModalViewController.swift */,
				EB6151802965ACB6008B743C /* PwChangeModalViewController.swift */,
				EB1CAE3E296565F8009425EA /* Cell */,
				EB1CAE2229655FF0009425EA /* I_Reported_Issue */,
				EB1CAE2F2965614A009425EA /* I_Solved_Issue */,
			);
			path = MyProfile;
			sourceTree = "<group>";
		};
		EB2A68C229570A9000A85299 /* Issue */ = {
			isa = PBXGroup;
			children = (
				EBE2EED3296D282B00E33C4E /* Cell */,
				EBACD9D229586E4B00EF1A5C /* IssueReport.storyboard */,
				EB4E8546295C09BC00986888 /* IssueDetail.storyboard */,
				EBEAE22729629AF20015BB82 /* IssueResolution.storyboard */,
				EBEAE22B2962B7D80015BB82 /* IssueValidation.storyboard */,
			);
			path = Issue;
			sourceTree = "<group>";
		};
		EB2A68C329570AE600A85299 /* MyProfile */ = {
			isa = PBXGroup;
			children = (
				EB1CAE3B296563B7009425EA /* Cell */,
				EB2A68C429570BF400A85299 /* MyProfile.storyboard */,
				EB27564D2963FC6400BC8073 /* I_Reported_Issue.storyboard */,
				EB27564F2963FC8E00BC8073 /* I_Solved_Issue.storyboard */,
			);
			path = MyProfile;
			sourceTree = "<group>";
		};
		EB4E8520295C07DE00986888 /* Pretendard */ = {
			isa = PBXGroup;
			children = (
				EB4E8521295C07DE00986888 /* alternative */,
				EB4E852B295C07DE00986888 /* Pretendard-Regular.otf */,
				EB4E852C295C07DE00986888 /* Pretendard-Black.otf */,
				EB4E852D295C07DE00986888 /* Pretendard-Medium.otf */,
				EB4E852E295C07DE00986888 /* Pretendard-Light.otf */,
				EB4E852F295C07DE00986888 /* Pretendard-ExtraBold.otf */,
				EB4E8530295C07DE00986888 /* Pretendard-Bold.otf */,
				EB4E8531295C07DE00986888 /* Pretendard-Thin.otf */,
				EB4E8532295C07DE00986888 /* Pretendard-ExtraLight.otf */,
				EB4E8533295C07DE00986888 /* Pretendard-SemiBold.otf */,
			);
			name = Pretendard;
			path = "../../../../../../Downloads/Pretendard-1.3.6/public/Pretendard";
			sourceTree = "<group>";
		};
		EB4E8521295C07DE00986888 /* alternative */ = {
			isa = PBXGroup;
			children = (
				EB4E8522295C07DE00986888 /* Pretendard-Medium.ttf */,
				EB4E8523295C07DE00986888 /* Pretendard-Black.ttf */,
				EB4E8524295C07DE00986888 /* Pretendard-Regular.ttf */,
				EB4E8525295C07DE00986888 /* Pretendard-Thin.ttf */,
				EB4E8526295C07DE00986888 /* Pretendard-ExtraLight.ttf */,
				EB4E8527295C07DE00986888 /* Pretendard-SemiBold.ttf */,
				EB4E8528295C07DE00986888 /* Pretendard-ExtraBold.ttf */,
				EB4E8529295C07DE00986888 /* Pretendard-Bold.ttf */,
				EB4E852A295C07DE00986888 /* Pretendard-Light.ttf */,
			);
			path = alternative;
			sourceTree = "<group>";
		};
		EB625F3929667C5E0084808A /* Login */ = {
			isa = PBXGroup;
			children = (
				EB625F3D29667DA80084808A /* LoginRequest.swift */,
				EB625F3F29667DBC0084808A /* LoginResponse.swift */,
			);
			path = Login;
			sourceTree = "<group>";
		};
		EB625F3C29667D6E0084808A /* Signup */ = {
			isa = PBXGroup;
			children = (
				EB625F4129667DCD0084808A /* SignupRequest.swift */,
				EB625F4329667DE30084808A /* SignupResponse.swift */,
			);
			path = Signup;
			sourceTree = "<group>";
		};
		EB78C699295185B10027DD1E /* DaumMap.embeddedframework */ = {
			isa = PBXGroup;
			children = (
				EB78C69A295185B10027DD1E /* Resources */,
				EB78C6BF295185B10027DD1E /* DaumMap.framework */,
			);
			path = DaumMap.embeddedframework;
			sourceTree = "<group>";
		};
		EB78C69A295185B10027DD1E /* Resources */ = {
			isa = PBXGroup;
			children = (
				EB78C69B295185B10027DD1E /* map_pinup_custom@3x.png */,
				EB78C69C295185B10027DD1E /* map_pin_custom.png */,
				EB78C69D295185B10027DD1E /* shadow_balloon.png */,
				EB78C69E295185B10027DD1E /* map_pinup.png */,
				EB78C69F295185B10027DD1E /* detail_button.png */,
				EB78C6A0295185B10027DD1E /* map_pin_custom@3x.png */,
				EB78C6A1295185B10027DD1E /* map_pinup@3x.png */,
				EB78C6A2295185B10027DD1E /* map_pin_shadow@3x.png */,
				EB78C6A3295185B10027DD1E /* copyright.png */,
				EB78C6A4295185B10027DD1E /* th_line.png */,
				EB78C6A5295185B10027DD1E /* map_pin_red@3x.png */,
				EB78C6A6295185B10027DD1E /* daum_copyright.png */,
				EB78C6A7295185B10027DD1E /* map_pin@3x.png */,
				EB78C6A8295185B10027DD1E /* map_present_tracking.png */,
				EB78C6A9295185B10027DD1E /* map_pin_red.png */,
				EB78C6AA295185B10027DD1E /* Headers */,
				EB78C6B3295185B10027DD1E /* info_box.png */,
				EB78C6B4295185B10027DD1E /* point_sprite.png */,
				EB78C6B5295185B10027DD1E /* map_pinup_custom.png */,
				EB78C6B6295185B10027DD1E /* info_box_tail.png */,
				EB78C6B7295185B10027DD1E /* noimage256.png */,
				EB78C6B8295185B10027DD1E /* map_present_direction.png */,
				EB78C6B9295185B10027DD1E /* map_pin.png */,
				EB78C6BA295185B10027DD1E /* map_present.png */,
				EB78C6BB295185B10027DD1E /* noimage.png */,
				EB78C6BC295185B10027DD1E /* map_present_background_update.png */,
				EB78C6BD295185B10027DD1E /* daum_th_line.png */,
				EB78C6BE295185B10027DD1E /* map_pin_shadow.png */,
			);
			path = Resources;
			sourceTree = "<group>";
		};
		EB78C6AA295185B10027DD1E /* Headers */ = {
			isa = PBXGroup;
			children = (
				EB78C6AB295185B10027DD1E /* MTMapPOIItem.h */,
				EB78C6AC295185B10027DD1E /* MTMapCameraUpdate.h */,
				EB78C6AD295185B10027DD1E /* MTMapReverseGeoCoder.h */,
				EB78C6AE295185B10027DD1E /* MTMapPolyline.h */,
				EB78C6AF295185B10027DD1E /* MTMapLocationMarkerItem.h */,
				EB78C6B0295185B10027DD1E /* MTMapView.h */,
				EB78C6B1295185B10027DD1E /* MTMapGeometry.h */,
				EB78C6B2295185B10027DD1E /* MTMapCircle.h */,
			);
			path = Headers;
			sourceTree = "<group>";
		};
		EB78C6DC295185C80027DD1E /* Frameworks */ = {
			isa = PBXGroup;
			children = (
				EB78C6E92951863D0027DD1E /* libsqlite3.tbd */,
				EB78C6E7295186270027DD1E /* libxml2.tbd */,
				EB78C6E5295185F80027DD1E /* libc++.tbd */,
				EB78C6E3295185E80027DD1E /* QuartzCore.framework */,
				EB78C6E1295185DC0027DD1E /* CoreLocation.framework */,
				EB78C6DF295185D20027DD1E /* SystemConfiguration.framework */,
				EB78C6DD295185C90027DD1E /* OpenGLES.framework */,
				8260C6E4A81A06CEFE105FF2 /* Pods_VALUN.framework */,
			);
			name = Frameworks;
			sourceTree = "<group>";
		};
		EB78C6EB295188230027DD1E /* BaseFile */ = {
			isa = PBXGroup;
			children = (
				EB26483A295AA5A90014BC89 /* Font */,
				EB96629229484D5C00040DCD /* Assets.xcassets */,
				EB96628929484D5B00040DCD /* AppDelegate.swift */,
				EB96628B29484D5B00040DCD /* SceneDelegate.swift */,
				EB625F3A29667CC80084808A /* VALUNLog.swift */,
			);
			path = BaseFile;
			sourceTree = "<group>";
		};
		EB78C6EC295188480027DD1E /* View */ = {
			isa = PBXGroup;
			children = (
				EBF4C34D29558BBD00936E8D /* Login */,
				EBF4C34E29558BCA00936E8D /* Home */,
				EB96629429484D5C00040DCD /* LaunchScreen.storyboard */,
			);
			path = View;
			sourceTree = "<group>";
		};
		EB78C6EE295188620027DD1E /* Controller */ = {
			isa = PBXGroup;
			children = (
				EBF4C35029558BE700936E8D /* Login */,
				EBF4C34B2955893800936E8D /* Home */,
			);
			path = Controller;
			sourceTree = "<group>";
		};
		EB78C6EF295188690027DD1E /* Model */ = {
			isa = PBXGroup;
			children = (
				EB625F45296688950084808A /* VALUNURL.swift */,
				EB9C1CF1296695F200F3F729 /* ErrorData.swift */,
				EB1EA0CE296AB1AA00140622 /* Issue.swift */,
				EBAE6525296FCD2F0026953C /* WithSolution.swift */,
				EB1B3446297014B000A6CCDE /* Overlap */,
				EB625F3929667C5E0084808A /* Login */,
				EB625F3C29667D6E0084808A /* Signup */,
				EB1EA0C8296A83ED00140622 /* Home */,
			);
			path = Model;
			sourceTree = "<group>";
		};
		EB96627D29484D5B00040DCD = {
			isa = PBXGroup;
			children = (
				EB96628829484D5B00040DCD /* VALUN */,
				EB96628729484D5B00040DCD /* Products */,
				EB78C6DC295185C80027DD1E /* Frameworks */,
				96E807CB05C35EBF144A41FA /* Pods */,
			);
			sourceTree = "<group>";
		};
		EB96628729484D5B00040DCD /* Products */ = {
			isa = PBXGroup;
			children = (
				EB96628629484D5B00040DCD /* VALUN.app */,
			);
			name = Products;
			sourceTree = "<group>";
		};
		EB96628829484D5B00040DCD /* VALUN */ = {
			isa = PBXGroup;
			children = (
				EBF4C3532955905C00936E8D /* Extension */,
				EB78C6EE295188620027DD1E /* Controller */,
				EB78C6EF295188690027DD1E /* Model */,
				EB78C6EC295188480027DD1E /* View */,
				EB78C6EB295188230027DD1E /* BaseFile */,
				EB78C699295185B10027DD1E /* DaumMap.embeddedframework */,
				EB96629729484D5C00040DCD /* Info.plist */,
				EB78C696295184650027DD1E /* VALUN-Header.h */,
			);
			path = VALUN;
			sourceTree = "<group>";
		};
		EBAE6527296FD41C0026953C /* MySolutionIssue */ = {
			isa = PBXGroup;
			children = (
				EBAE6528296FD4430026953C /* MySolutionIssueResponse.swift */,
			);
			path = MySolutionIssue;
			sourceTree = "<group>";
		};
		EBDAF2F4296EA18400C515A9 /* MyReportIssue */ = {
			isa = PBXGroup;
			children = (
				EBDAF2F5296EA22000C515A9 /* MyReportIssueResponse.swift */,
			);
			path = MyReportIssue;
			sourceTree = "<group>";
		};
		EBE2EECD296D1EA400E33C4E /* Map */ = {
			isa = PBXGroup;
			children = (
				EBE2EECE296D1EC400E33C4E /* NearIssueResponse.swift */,
			);
			path = Map;
			sourceTree = "<group>";
		};
		EBE2EED0296D27F500E33C4E /* Cell */ = {
			isa = PBXGroup;
			children = (
				EBE2EED1296D280E00E33C4E /* ReportIssueCollectionViewCell.swift */,
			);
			path = Cell;
			sourceTree = "<group>";
		};
		EBE2EED3296D282B00E33C4E /* Cell */ = {
			isa = PBXGroup;
			children = (
				EBE2EED4296D283600E33C4E /* ReportIssueCollectionViewCell.xib */,
			);
			path = Cell;
			sourceTree = "<group>";
		};
		EBE2EED6296D290600E33C4E /* Report */ = {
			isa = PBXGroup;
			children = (
				EBACD9D029586E3800EF1A5C /* IssueReportViewController.swift */,
				EBE2EED7296D293000E33C4E /* CategoryModalViewController.swift */,
			);
			path = Report;
			sourceTree = "<group>";
		};
		EBE33264295BF948001A615B /* Cell */ = {
			isa = PBXGroup;
			children = (
				EB264852295AB95A0014BC89 /* ListTableViewCell.swift */,
				EBE33265295BF977001A615B /* FilterCollectionViewCell.swift */,
			);
			path = Cell;
			sourceTree = "<group>";
		};
		EBE67B7F296BAB2400CA38A1 /* Cell */ = {
			isa = PBXGroup;
			children = (
				EBE67B80296BAB3500CA38A1 /* RecentIssueCollectionViewCell.swift */,
			);
			path = Cell;
			sourceTree = "<group>";
		};
		EBF4C34B2955893800936E8D /* Home */ = {
			isa = PBXGroup;
			children = (
				EBE67B7F296BAB2400CA38A1 /* Cell */,
				EBF4C3492955858400936E8D /* HomeViewController.swift */,
				EB2A68C0295709FA00A85299 /* Issue */,
				EBF4C34C2955894000936E8D /* Map */,
				EB2A68C129570A0B00A85299 /* MyProfile */,
			);
			path = Home;
			sourceTree = "<group>";
		};
		EBF4C34C2955894000936E8D /* Map */ = {
			isa = PBXGroup;
			children = (
				EBE33264295BF948001A615B /* Cell */,
				EB96628D29484D5B00040DCD /* MapViewController.swift */,
			);
			path = Map;
			sourceTree = "<group>";
		};
		EBF4C34D29558BBD00936E8D /* Login */ = {
			isa = PBXGroup;
			children = (
				EB78C6F02951888A0027DD1E /* Login.storyboard */,
				EBFBA3F929605F180038F0CE /* Signup.storyboard */,
			);
			path = Login;
			sourceTree = "<group>";
		};
		EBF4C34E29558BCA00936E8D /* Home */ = {
			isa = PBXGroup;
			children = (
				EB2A68C329570AE600A85299 /* MyProfile */,
				EB2A68C229570A9000A85299 /* Issue */,
				EBF4C34F29558BD300936E8D /* Map */,
				EBF4C3472955854200936E8D /* Home.storyboard */,
				EBE67B7D296BAB0200CA38A1 /* RecentIssueCollectionViewCell.xib */,
			);
			path = Home;
			sourceTree = "<group>";
		};
		EBF4C34F29558BD300936E8D /* Map */ = {
			isa = PBXGroup;
			children = (
				EB1CAE3A296563AA009425EA /* Cell */,
				EB96628F29484D5B00040DCD /* Map.storyboard */,
			);
			path = Map;
			sourceTree = "<group>";
		};
		EBF4C35029558BE700936E8D /* Login */ = {
			isa = PBXGroup;
			children = (
				EB78C6F2295188FD0027DD1E /* LoginViewController.swift */,
				EBFBA3FB29607A9E0038F0CE /* SignupViewController.swift */,
			);
			path = Login;
			sourceTree = "<group>";
		};
		EBF4C3532955905C00936E8D /* Extension */ = {
			isa = PBXGroup;
			children = (
				EBF4C3512955902700936E8D /* UIViewController+Extension.swift */,
			);
			path = Extension;
			sourceTree = "<group>";
		};
/* End PBXGroup section */

/* Begin PBXNativeTarget section */
		EB96628529484D5B00040DCD /* VALUN */ = {
			isa = PBXNativeTarget;
			buildConfigurationList = EB96629A29484D5C00040DCD /* Build configuration list for PBXNativeTarget "VALUN" */;
			buildPhases = (
				95E5778A1176A49862BF120A /* [CP] Check Pods Manifest.lock */,
				EB96628229484D5B00040DCD /* Sources */,
				EB96628329484D5B00040DCD /* Frameworks */,
				EB96628429484D5B00040DCD /* Resources */,
				987F2D1E936A3C73E0FAA968 /* [CP] Embed Pods Frameworks */,
			);
			buildRules = (
			);
			dependencies = (
			);
			name = VALUN;
			productName = VALUN;
			productReference = EB96628629484D5B00040DCD /* VALUN.app */;
			productType = "com.apple.product-type.application";
		};
/* End PBXNativeTarget section */

/* Begin PBXProject section */
		EB96627E29484D5B00040DCD /* Project object */ = {
			isa = PBXProject;
			attributes = {
				BuildIndependentTargetsInParallel = 1;
				LastSwiftUpdateCheck = 1410;
				LastUpgradeCheck = 1410;
				TargetAttributes = {
					EB96628529484D5B00040DCD = {
						CreatedOnToolsVersion = 14.1;
					};
				};
			};
			buildConfigurationList = EB96628129484D5B00040DCD /* Build configuration list for PBXProject "VALUN" */;
			compatibilityVersion = "Xcode 14.0";
			developmentRegion = en;
			hasScannedForEncodings = 0;
			knownRegions = (
				en,
				Base,
			);
			mainGroup = EB96627D29484D5B00040DCD;
			productRefGroup = EB96628729484D5B00040DCD /* Products */;
			projectDirPath = "";
			projectRoot = "";
			targets = (
				EB96628529484D5B00040DCD /* VALUN */,
			);
		};
/* End PBXProject section */

/* Begin PBXResourcesBuildPhase section */
		EB96628429484D5B00040DCD /* Resources */ = {
			isa = PBXResourcesBuildPhase;
			buildActionMask = 2147483647;
			files = (
				EB4E8544295C07DE00986888 /* Pretendard-ExtraLight.otf in Resources */,
				EB78C6D6295185B10027DD1E /* map_present.png in Resources */,
				EB1CAE3D296563D5009425EA /* MyIssueTableViewCell.xib in Resources */,
				EB78C6CC295185B10027DD1E /* map_pin@3x.png in Resources */,
				EB4E8541295C07DE00986888 /* Pretendard-ExtraBold.otf in Resources */,
				EB78C6CA295185B10027DD1E /* map_pin_red@3x.png in Resources */,
				EB78C6D5295185B10027DD1E /* map_pin.png in Resources */,
				EBEAE22829629AF20015BB82 /* IssueResolution.storyboard in Resources */,
				EBE33268295BF9C5001A615B /* FilterCollectionViewCell.xib in Resources */,
				EB264851295AB9130014BC89 /* ListTableViewCell.xib in Resources */,
				EB78C6CE295185B10027DD1E /* map_pin_red.png in Resources */,
				EB78C6C0295185B10027DD1E /* map_pinup_custom@3x.png in Resources */,
				EB78C6C8295185B10027DD1E /* copyright.png in Resources */,
				EB78C6C7295185B10027DD1E /* map_pin_shadow@3x.png in Resources */,
				EB264849295AA5CC0014BC89 /* SUIT-Heavy.otf in Resources */,
				EB264848295AA5CC0014BC89 /* LICENSE in Resources */,
				EB4E8539295C07DE00986888 /* Pretendard-SemiBold.ttf in Resources */,
				EBACD9D329586E4B00EF1A5C /* IssueReport.storyboard in Resources */,
				EBFBA3FA29605F180038F0CE /* Signup.storyboard in Resources */,
				EB4E8542295C07DE00986888 /* Pretendard-Bold.otf in Resources */,
				EB96629629484D5C00040DCD /* LaunchScreen.storyboard in Resources */,
				EB26484F295AA5CC0014BC89 /* SUIT-ExtraBold.otf in Resources */,
				EB4E8545295C07DE00986888 /* Pretendard-SemiBold.otf in Resources */,
				EB4E8536295C07DE00986888 /* Pretendard-Regular.ttf in Resources */,
				EB78C6CB295185B10027DD1E /* daum_copyright.png in Resources */,
				EB78C6CF295185B10027DD1E /* info_box.png in Resources */,
				EB264846295AA5CC0014BC89 /* SUIT-Thin.otf in Resources */,
				EB78C6C5295185B10027DD1E /* map_pin_custom@3x.png in Resources */,
				EB26484E295AA5CC0014BC89 /* SUIT-Medium.otf in Resources */,
				EB27564E2963FC6400BC8073 /* I_Reported_Issue.storyboard in Resources */,
				EBEAE22C2962B7D80015BB82 /* IssueValidation.storyboard in Resources */,
				EB78C6DA295185B10027DD1E /* map_pin_shadow.png in Resources */,
				EB78C6CD295185B10027DD1E /* map_present_tracking.png in Resources */,
				EB78C6F12951888A0027DD1E /* Login.storyboard in Resources */,
				EB2756502963FC8E00BC8073 /* I_Solved_Issue.storyboard in Resources */,
				EB4E853E295C07DE00986888 /* Pretendard-Black.otf in Resources */,
				EB4E8538295C07DE00986888 /* Pretendard-ExtraLight.ttf in Resources */,
				EB4E853A295C07DE00986888 /* Pretendard-ExtraBold.ttf in Resources */,
				EBF4C3482955854200936E8D /* Home.storyboard in Resources */,
				EB78C6C4295185B10027DD1E /* detail_button.png in Resources */,
				EB264847295AA5CC0014BC89 /* SUIT-Regular.otf in Resources */,
				EB78C6D7295185B10027DD1E /* noimage.png in Resources */,
				EB78C6C9295185B10027DD1E /* th_line.png in Resources */,
				EB78C6D2295185B10027DD1E /* info_box_tail.png in Resources */,
				EB4E853C295C07DE00986888 /* Pretendard-Light.ttf in Resources */,
				EB78C6C1295185B10027DD1E /* map_pin_custom.png in Resources */,
				EB4E8540295C07DE00986888 /* Pretendard-Light.otf in Resources */,
				EB78C6D1295185B10027DD1E /* map_pinup_custom.png in Resources */,
				EB78C6C6295185B10027DD1E /* map_pinup@3x.png in Resources */,
				EB78C6D0295185B10027DD1E /* point_sprite.png in Resources */,
				EB78C6D8295185B10027DD1E /* map_present_background_update.png in Resources */,
				EB78C6D4295185B10027DD1E /* map_present_direction.png in Resources */,
				EBE67B7E296BAB0200CA38A1 /* RecentIssueCollectionViewCell.xib in Resources */,
				EB4E8535295C07DE00986888 /* Pretendard-Black.ttf in Resources */,
				EB4E853B295C07DE00986888 /* Pretendard-Bold.ttf in Resources */,
				EB4E8534295C07DE00986888 /* Pretendard-Medium.ttf in Resources */,
				EB4E8543295C07DE00986888 /* Pretendard-Thin.otf in Resources */,
				EB26484B295AA5CC0014BC89 /* SUIT-Light.otf in Resources */,
				EB78C6D3295185B10027DD1E /* noimage256.png in Resources */,
				EB78C6C2295185B10027DD1E /* shadow_balloon.png in Resources */,
				EB96629329484D5C00040DCD /* Assets.xcassets in Resources */,
				EB2A68C529570BF400A85299 /* MyProfile.storyboard in Resources */,
				EB96629129484D5B00040DCD /* Map.storyboard in Resources */,
				EB26484C295AA5CC0014BC89 /* SUIT-ExtraLight.otf in Resources */,
				EB26484A295AA5CC0014BC89 /* SUIT-Bold.otf in Resources */,
				EB4E8537295C07DE00986888 /* Pretendard-Thin.ttf in Resources */,
				EB26484D295AA5CC0014BC89 /* SUIT-SemiBold.otf in Resources */,
				EB4E853D295C07DE00986888 /* Pretendard-Regular.otf in Resources */,
				EBE2EED5296D283600E33C4E /* ReportIssueCollectionViewCell.xib in Resources */,
				EB4E853F295C07DE00986888 /* Pretendard-Medium.otf in Resources */,
				EB78C6D9295185B10027DD1E /* daum_th_line.png in Resources */,
				EB4E8547295C09BC00986888 /* IssueDetail.storyboard in Resources */,
				EB78C6C3295185B10027DD1E /* map_pinup.png in Resources */,
			);
			runOnlyForDeploymentPostprocessing = 0;
		};
/* End PBXResourcesBuildPhase section */

/* Begin PBXShellScriptBuildPhase section */
		95E5778A1176A49862BF120A /* [CP] Check Pods Manifest.lock */ = {
			isa = PBXShellScriptBuildPhase;
			buildActionMask = 2147483647;
			files = (
			);
			inputFileListPaths = (
			);
			inputPaths = (
				"${PODS_PODFILE_DIR_PATH}/Podfile.lock",
				"${PODS_ROOT}/Manifest.lock",
			);
			name = "[CP] Check Pods Manifest.lock";
			outputFileListPaths = (
			);
			outputPaths = (
				"$(DERIVED_FILE_DIR)/Pods-VALUN-checkManifestLockResult.txt",
			);
			runOnlyForDeploymentPostprocessing = 0;
			shellPath = /bin/sh;
			shellScript = "diff \"${PODS_PODFILE_DIR_PATH}/Podfile.lock\" \"${PODS_ROOT}/Manifest.lock\" > /dev/null\nif [ $? != 0 ] ; then\n    # print error to STDERR\n    echo \"error: The sandbox is not in sync with the Podfile.lock. Run 'pod install' or update your CocoaPods installation.\" >&2\n    exit 1\nfi\n# This output is used by Xcode 'outputs' to avoid re-running this script phase.\necho \"SUCCESS\" > \"${SCRIPT_OUTPUT_FILE_0}\"\n";
			showEnvVarsInLog = 0;
		};
		987F2D1E936A3C73E0FAA968 /* [CP] Embed Pods Frameworks */ = {
			isa = PBXShellScriptBuildPhase;
			buildActionMask = 2147483647;
			files = (
			);
			inputFileListPaths = (
				"${PODS_ROOT}/Target Support Files/Pods-VALUN/Pods-VALUN-frameworks-${CONFIGURATION}-input-files.xcfilelist",
			);
			name = "[CP] Embed Pods Frameworks";
			outputFileListPaths = (
				"${PODS_ROOT}/Target Support Files/Pods-VALUN/Pods-VALUN-frameworks-${CONFIGURATION}-output-files.xcfilelist",
			);
			runOnlyForDeploymentPostprocessing = 0;
			shellPath = /bin/sh;
			shellScript = "\"${PODS_ROOT}/Target Support Files/Pods-VALUN/Pods-VALUN-frameworks.sh\"\n";
			showEnvVarsInLog = 0;
		};
/* End PBXShellScriptBuildPhase section */

/* Begin PBXSourcesBuildPhase section */
		EB96628229484D5B00040DCD /* Sources */ = {
			isa = PBXSourcesBuildPhase;
			buildActionMask = 2147483647;
			files = (
				EB625F4429667DE30084808A /* SignupResponse.swift in Sources */,
				EB1B344E2970151700A6CCDE /* OverlapNickResponse.swift in Sources */,
				EB1EA0D2296AC14500140622 /* ReportIssueRequest.swift in Sources */,
				EB1CAE3529656206009425EA /* Solved_AllIssueViewController.swift in Sources */,
				EBE33266295BF977001A615B /* FilterCollectionViewCell.swift in Sources */,
				EBE2EED8296D293000E33C4E /* CategoryModalViewController.swift in Sources */,
				EB0A527D296E92370031B70B /* ResolutionIssueResponse.swift in Sources */,
				EB1CAE372965623F009425EA /* Solved_SolvingViewController.swift in Sources */,
				EB1CAE392965625E009425EA /* Solved_CompletedViewController.swift in Sources */,
				EBF4C3522955902700936E8D /* UIViewController+Extension.swift in Sources */,
				EB9C1CF2296695F200F3F729 /* ErrorData.swift in Sources */,
				EB1CAE28296560D6009425EA /* Reported_AllIssueViewController.swift in Sources */,
				EB85B0FD295C543A00823E87 /* IssueDetailViewController.swift in Sources */,
				EB1CAE2429656003009425EA /* I_Reported_IssueViewController.swift in Sources */,
				EBF4C34A2955858400936E8D /* HomeViewController.swift in Sources */,
				EB1EA0D4296AC15300140622 /* ReportIssueResponse.swift in Sources */,
				EB1CAE4029656615009425EA /* MyIssueTableViewCell.swift in Sources */,
				EBE67B81296BAB3500CA38A1 /* RecentIssueCollectionViewCell.swift in Sources */,
				EBEAE22A2962A6370015BB82 /* IssueResolutionViewController.swift in Sources */,
				EBACD9D129586E3800EF1A5C /* IssueReportViewController.swift in Sources */,
				EB1CAE2A296560F0009425EA /* Reported_UnresolvedViewController.swift in Sources */,
				EBACD9CB29586DDD00EF1A5C /* MyProfileViewController.swift in Sources */,
				EB6151812965ACB6008B743C /* PwChangeModalViewController.swift in Sources */,
				EBFBA3FC29607A9E0038F0CE /* SignupViewController.swift in Sources */,
				EB78C6F3295188FD0027DD1E /* LoginViewController.swift in Sources */,
				EBAE6526296FCD2F0026953C /* WithSolution.swift in Sources */,
				EB625F3B29667CC80084808A /* VALUNLog.swift in Sources */,
				EB1CAE2E29656125009425EA /* Reported_CompletedViewController.swift in Sources */,
				EB264853295AB95A0014BC89 /* ListTableViewCell.swift in Sources */,
				EB1CAE3329656197009425EA /* I_Solved_IssueTabmanViewController.swift in Sources */,
				EB61517F2965AC97008B743C /* ProfileNickChangeModalViewController.swift in Sources */,
				EB625F4029667DBC0084808A /* LoginResponse.swift in Sources */,
				EB96628E29484D5B00040DCD /* MapViewController.swift in Sources */,
				EB27564C2963F7D800BC8073 /* RejectedModalViewController.swift in Sources */,
				EB0A527A296E92250031B70B /* ResolutionIssueRequest.swift in Sources */,
				EB1CAE2C29656108009425EA /* Reported_SolvingViewController.swift in Sources */,
				EBAE6529296FD4430026953C /* MySolutionIssueResponse.swift in Sources */,
				EB1B344C2970150A00A6CCDE /* OverlapNickRequest.swift in Sources */,
				EB96628A29484D5B00040DCD /* AppDelegate.swift in Sources */,
				EB1B3448297014DA00A6CCDE /* OverlapIdRequest.swift in Sources */,
				EB043A0C297649F6007E45AC /* AcceptIssueResponse.swift in Sources */,
				EB1EA0CF296AB1AA00140622 /* Issue.swift in Sources */,
				EB1EA0CB296A845000140622 /* MyProfileResponse.swift in Sources */,
				EBE2EECF296D1EC400E33C4E /* NearIssueResponse.swift in Sources */,
				EB1CAE2629656032009425EA /* I_Reported_IssueTabmanViewController.swift in Sources */,
				EB1EA0CD296AB16D00140622 /* RecentIssueResponse.swift in Sources */,
				EB1B344A297014F900A6CCDE /* OverlapIdResponse.swift in Sources */,
				EB1CAE3129656187009425EA /* I_Solved_IssueViewController.swift in Sources */,
				EBDAF2F6296EA22000C515A9 /* MyReportIssueResponse.swift in Sources */,
				EBE2EED2296D280E00E33C4E /* ReportIssueCollectionViewCell.swift in Sources */,
				EB96628C29484D5B00040DCD /* SceneDelegate.swift in Sources */,
				EB625F4229667DCD0084808A /* SignupRequest.swift in Sources */,
				EBEAE22E2962B8130015BB82 /* IssueValidationViewController.swift in Sources */,
				EB043A0F29764DE0007E45AC /* AcceptIssueRequest.swift in Sources */,
				EB625F46296688950084808A /* VALUNURL.swift in Sources */,
				EB625F3E29667DA80084808A /* LoginRequest.swift in Sources */,
			);
			runOnlyForDeploymentPostprocessing = 0;
		};
/* End PBXSourcesBuildPhase section */

/* Begin PBXVariantGroup section */
		EB96628F29484D5B00040DCD /* Map.storyboard */ = {
			isa = PBXVariantGroup;
			children = (
				EB96629029484D5B00040DCD /* Base */,
			);
			name = Map.storyboard;
			sourceTree = "<group>";
		};
		EB96629429484D5C00040DCD /* LaunchScreen.storyboard */ = {
			isa = PBXVariantGroup;
			children = (
				EB96629529484D5C00040DCD /* Base */,
			);
			name = LaunchScreen.storyboard;
			sourceTree = "<group>";
		};
/* End PBXVariantGroup section */

/* Begin XCBuildConfiguration section */
		EB96629829484D5C00040DCD /* Debug */ = {
			isa = XCBuildConfiguration;
			buildSettings = {
				ALWAYS_SEARCH_USER_PATHS = NO;
				CLANG_ANALYZER_NONNULL = YES;
				CLANG_ANALYZER_NUMBER_OBJECT_CONVERSION = YES_AGGRESSIVE;
				CLANG_CXX_LANGUAGE_STANDARD = "gnu++20";
				CLANG_ENABLE_MODULES = YES;
				CLANG_ENABLE_OBJC_ARC = YES;
				CLANG_ENABLE_OBJC_WEAK = YES;
				CLANG_WARN_BLOCK_CAPTURE_AUTORELEASING = YES;
				CLANG_WARN_BOOL_CONVERSION = YES;
				CLANG_WARN_COMMA = YES;
				CLANG_WARN_CONSTANT_CONVERSION = YES;
				CLANG_WARN_DEPRECATED_OBJC_IMPLEMENTATIONS = YES;
				CLANG_WARN_DIRECT_OBJC_ISA_USAGE = YES_ERROR;
				CLANG_WARN_DOCUMENTATION_COMMENTS = YES;
				CLANG_WARN_EMPTY_BODY = YES;
				CLANG_WARN_ENUM_CONVERSION = YES;
				CLANG_WARN_INFINITE_RECURSION = YES;
				CLANG_WARN_INT_CONVERSION = YES;
				CLANG_WARN_NON_LITERAL_NULL_CONVERSION = YES;
				CLANG_WARN_OBJC_IMPLICIT_RETAIN_SELF = YES;
				CLANG_WARN_OBJC_LITERAL_CONVERSION = YES;
				CLANG_WARN_OBJC_ROOT_CLASS = YES_ERROR;
				CLANG_WARN_QUOTED_INCLUDE_IN_FRAMEWORK_HEADER = YES;
				CLANG_WARN_RANGE_LOOP_ANALYSIS = YES;
				CLANG_WARN_STRICT_PROTOTYPES = YES;
				CLANG_WARN_SUSPICIOUS_MOVE = YES;
				CLANG_WARN_UNGUARDED_AVAILABILITY = YES_AGGRESSIVE;
				CLANG_WARN_UNREACHABLE_CODE = YES;
				CLANG_WARN__DUPLICATE_METHOD_MATCH = YES;
				COPY_PHASE_STRIP = NO;
				DEBUG_INFORMATION_FORMAT = dwarf;
				ENABLE_STRICT_OBJC_MSGSEND = YES;
				ENABLE_TESTABILITY = YES;
				GCC_C_LANGUAGE_STANDARD = gnu11;
				GCC_DYNAMIC_NO_PIC = NO;
				GCC_NO_COMMON_BLOCKS = YES;
				GCC_OPTIMIZATION_LEVEL = 0;
				GCC_PREPROCESSOR_DEFINITIONS = (
					"DEBUG=1",
					"$(inherited)",
				);
				GCC_WARN_64_TO_32_BIT_CONVERSION = YES;
				GCC_WARN_ABOUT_RETURN_TYPE = YES_ERROR;
				GCC_WARN_UNDECLARED_SELECTOR = YES;
				GCC_WARN_UNINITIALIZED_AUTOS = YES_AGGRESSIVE;
				GCC_WARN_UNUSED_FUNCTION = YES;
				GCC_WARN_UNUSED_VARIABLE = YES;
				IPHONEOS_DEPLOYMENT_TARGET = 16.1;
				MTL_ENABLE_DEBUG_INFO = INCLUDE_SOURCE;
				MTL_FAST_MATH = YES;
				ONLY_ACTIVE_ARCH = YES;
				SDKROOT = iphoneos;
				SWIFT_ACTIVE_COMPILATION_CONDITIONS = DEBUG;
				SWIFT_OPTIMIZATION_LEVEL = "-Onone";
			};
			name = Debug;
		};
		EB96629929484D5C00040DCD /* Release */ = {
			isa = XCBuildConfiguration;
			buildSettings = {
				ALWAYS_SEARCH_USER_PATHS = NO;
				CLANG_ANALYZER_NONNULL = YES;
				CLANG_ANALYZER_NUMBER_OBJECT_CONVERSION = YES_AGGRESSIVE;
				CLANG_CXX_LANGUAGE_STANDARD = "gnu++20";
				CLANG_ENABLE_MODULES = YES;
				CLANG_ENABLE_OBJC_ARC = YES;
				CLANG_ENABLE_OBJC_WEAK = YES;
				CLANG_WARN_BLOCK_CAPTURE_AUTORELEASING = YES;
				CLANG_WARN_BOOL_CONVERSION = YES;
				CLANG_WARN_COMMA = YES;
				CLANG_WARN_CONSTANT_CONVERSION = YES;
				CLANG_WARN_DEPRECATED_OBJC_IMPLEMENTATIONS = YES;
				CLANG_WARN_DIRECT_OBJC_ISA_USAGE = YES_ERROR;
				CLANG_WARN_DOCUMENTATION_COMMENTS = YES;
				CLANG_WARN_EMPTY_BODY = YES;
				CLANG_WARN_ENUM_CONVERSION = YES;
				CLANG_WARN_INFINITE_RECURSION = YES;
				CLANG_WARN_INT_CONVERSION = YES;
				CLANG_WARN_NON_LITERAL_NULL_CONVERSION = YES;
				CLANG_WARN_OBJC_IMPLICIT_RETAIN_SELF = YES;
				CLANG_WARN_OBJC_LITERAL_CONVERSION = YES;
				CLANG_WARN_OBJC_ROOT_CLASS = YES_ERROR;
				CLANG_WARN_QUOTED_INCLUDE_IN_FRAMEWORK_HEADER = YES;
				CLANG_WARN_RANGE_LOOP_ANALYSIS = YES;
				CLANG_WARN_STRICT_PROTOTYPES = YES;
				CLANG_WARN_SUSPICIOUS_MOVE = YES;
				CLANG_WARN_UNGUARDED_AVAILABILITY = YES_AGGRESSIVE;
				CLANG_WARN_UNREACHABLE_CODE = YES;
				CLANG_WARN__DUPLICATE_METHOD_MATCH = YES;
				COPY_PHASE_STRIP = NO;
				DEBUG_INFORMATION_FORMAT = "dwarf-with-dsym";
				ENABLE_NS_ASSERTIONS = NO;
				ENABLE_STRICT_OBJC_MSGSEND = YES;
				GCC_C_LANGUAGE_STANDARD = gnu11;
				GCC_NO_COMMON_BLOCKS = YES;
				GCC_WARN_64_TO_32_BIT_CONVERSION = YES;
				GCC_WARN_ABOUT_RETURN_TYPE = YES_ERROR;
				GCC_WARN_UNDECLARED_SELECTOR = YES;
				GCC_WARN_UNINITIALIZED_AUTOS = YES_AGGRESSIVE;
				GCC_WARN_UNUSED_FUNCTION = YES;
				GCC_WARN_UNUSED_VARIABLE = YES;
				IPHONEOS_DEPLOYMENT_TARGET = 16.1;
				MTL_ENABLE_DEBUG_INFO = NO;
				MTL_FAST_MATH = YES;
				SDKROOT = iphoneos;
				SWIFT_COMPILATION_MODE = wholemodule;
				SWIFT_OPTIMIZATION_LEVEL = "-O";
				VALIDATE_PRODUCT = YES;
			};
			name = Release;
		};
		EB96629B29484D5C00040DCD /* Debug */ = {
			isa = XCBuildConfiguration;
			baseConfigurationReference = 905D43EDF5643BE800197714 /* Pods-VALUN.debug.xcconfig */;
			buildSettings = {
				ASSETCATALOG_COMPILER_APPICON_NAME = AppIcon;
				ASSETCATALOG_COMPILER_GLOBAL_ACCENT_COLOR_NAME = AccentColor;
				CLANG_ENABLE_OBJC_ARC = NO;
				CODE_SIGN_STYLE = Automatic;
				CURRENT_PROJECT_VERSION = 1;
				DEVELOPMENT_TEAM = VKGAQDGK5R;
				FRAMEWORK_SEARCH_PATHS = (
					"$(inherited)",
					"$(PROJECT_DIR)/VALUN/DaumMap.embeddedframework",
				);
				GENERATE_INFOPLIST_FILE = YES;
				INFOPLIST_FILE = VALUN/Info.plist;
				INFOPLIST_KEY_NSCameraUsageDescription = "앱에서 카메라에 접근하여 사진을 선택하려 합니다. 허용하시겠습니까?";
				INFOPLIST_KEY_NSLocationAlwaysAndWhenInUseUsageDescription = "앱에서 위치 정보 제공을 허용하시겠습니까?";
				INFOPLIST_KEY_NSLocationAlwaysUsageDescription = "앱에서 위치 정보 제공을 허용하시겠습니까?";
				INFOPLIST_KEY_NSLocationWhenInUseUsageDescription = "앱에서 위치 정보 제공을 허용하시겠습니까?";
				INFOPLIST_KEY_NSPhotoLibraryUsageDescription = "앱에서 사진첩에 접근하여 사진을 선택하려 합니다. 허용하시겠습니까?";
				INFOPLIST_KEY_UIApplicationSupportsIndirectInputEvents = YES;
				INFOPLIST_KEY_UILaunchStoryboardName = LaunchScreen;
				INFOPLIST_KEY_UIMainStoryboardFile = Login;
				INFOPLIST_KEY_UISupportedInterfaceOrientations_iPad = "UIInterfaceOrientationPortrait UIInterfaceOrientationPortraitUpsideDown UIInterfaceOrientationLandscapeLeft UIInterfaceOrientationLandscapeRight";
				INFOPLIST_KEY_UISupportedInterfaceOrientations_iPhone = "UIInterfaceOrientationPortrait UIInterfaceOrientationLandscapeLeft UIInterfaceOrientationLandscapeRight";
				INFOPLIST_KEY_UIUserInterfaceStyle = Light;
				LD_RUNPATH_SEARCH_PATHS = (
					"$(inherited)",
					"@executable_path/Frameworks",
				);
				MARKETING_VERSION = 1.0;
				PRODUCT_BUNDLE_IDENTIFIER = com.Dong.VALUN;
				PRODUCT_NAME = "$(TARGET_NAME)";
				SWIFT_EMIT_LOC_STRINGS = YES;
				SWIFT_OBJC_BRIDGING_HEADER = "VALUN/VALUN-Header.h";
				SWIFT_VERSION = 5.0;
				TARGETED_DEVICE_FAMILY = "1,2";
			};
			name = Debug;
		};
		EB96629C29484D5C00040DCD /* Release */ = {
			isa = XCBuildConfiguration;
			baseConfigurationReference = 50F5DC97A33750D68DF498B2 /* Pods-VALUN.release.xcconfig */;
			buildSettings = {
				ASSETCATALOG_COMPILER_APPICON_NAME = AppIcon;
				ASSETCATALOG_COMPILER_GLOBAL_ACCENT_COLOR_NAME = AccentColor;
				CLANG_ENABLE_OBJC_ARC = NO;
				CODE_SIGN_STYLE = Automatic;
				CURRENT_PROJECT_VERSION = 1;
				DEVELOPMENT_TEAM = VKGAQDGK5R;
				FRAMEWORK_SEARCH_PATHS = (
					"$(inherited)",
					"$(PROJECT_DIR)/VALUN/DaumMap.embeddedframework",
				);
				GENERATE_INFOPLIST_FILE = YES;
				INFOPLIST_FILE = VALUN/Info.plist;
				INFOPLIST_KEY_NSCameraUsageDescription = "앱에서 카메라에 접근하여 사진을 선택하려 합니다. 허용하시겠습니까?";
				INFOPLIST_KEY_NSLocationAlwaysAndWhenInUseUsageDescription = "앱에서 위치 정보 제공을 허용하시겠습니까?";
				INFOPLIST_KEY_NSLocationAlwaysUsageDescription = "앱에서 위치 정보 제공을 허용하시겠습니까?";
				INFOPLIST_KEY_NSLocationWhenInUseUsageDescription = "앱에서 위치 정보 제공을 허용하시겠습니까?";
				INFOPLIST_KEY_NSPhotoLibraryUsageDescription = "앱에서 사진첩에 접근하여 사진을 선택하려 합니다. 허용하시겠습니까?";
				INFOPLIST_KEY_UIApplicationSupportsIndirectInputEvents = YES;
				INFOPLIST_KEY_UILaunchStoryboardName = LaunchScreen;
				INFOPLIST_KEY_UIMainStoryboardFile = Login;
				INFOPLIST_KEY_UISupportedInterfaceOrientations_iPad = "UIInterfaceOrientationPortrait UIInterfaceOrientationPortraitUpsideDown UIInterfaceOrientationLandscapeLeft UIInterfaceOrientationLandscapeRight";
				INFOPLIST_KEY_UISupportedInterfaceOrientations_iPhone = "UIInterfaceOrientationPortrait UIInterfaceOrientationLandscapeLeft UIInterfaceOrientationLandscapeRight";
				INFOPLIST_KEY_UIUserInterfaceStyle = Light;
				LD_RUNPATH_SEARCH_PATHS = (
					"$(inherited)",
					"@executable_path/Frameworks",
				);
				MARKETING_VERSION = 1.0;
				PRODUCT_BUNDLE_IDENTIFIER = com.Dong.VALUN;
				PRODUCT_NAME = "$(TARGET_NAME)";
				SWIFT_EMIT_LOC_STRINGS = YES;
				SWIFT_OBJC_BRIDGING_HEADER = "VALUN/VALUN-Header.h";
				SWIFT_VERSION = 5.0;
				TARGETED_DEVICE_FAMILY = "1,2";
			};
			name = Release;
		};
/* End XCBuildConfiguration section */

/* Begin XCConfigurationList section */
		EB96628129484D5B00040DCD /* Build configuration list for PBXProject "VALUN" */ = {
			isa = XCConfigurationList;
			buildConfigurations = (
				EB96629829484D5C00040DCD /* Debug */,
				EB96629929484D5C00040DCD /* Release */,
			);
			defaultConfigurationIsVisible = 0;
			defaultConfigurationName = Release;
		};
		EB96629A29484D5C00040DCD /* Build configuration list for PBXNativeTarget "VALUN" */ = {
			isa = XCConfigurationList;
			buildConfigurations = (
				EB96629B29484D5C00040DCD /* Debug */,
				EB96629C29484D5C00040DCD /* Release */,
			);
			defaultConfigurationIsVisible = 0;
			defaultConfigurationName = Release;
		};
/* End XCConfigurationList section */
	};
	rootObject = EB96627E29484D5B00040DCD /* Project object */;
}
